// !$*UTF8*$!
{
	archiveVersion = 1;
	classes = {
	};
	objectVersion = 52;
	objects = {

/* Begin PBXBuildFile section */
		FB4142F226DA9716003C6468 /* ProfileViewController.swift in Sources */ = {isa = PBXBuildFile; fileRef = FB4142F026DA9716003C6468 /* ProfileViewController.swift */; };
		FB4142F326DA9716003C6468 /* ProfileViewController.xib in Resources */ = {isa = PBXBuildFile; fileRef = FB4142F126DA9716003C6468 /* ProfileViewController.xib */; };
		FB4142F526DA9721003C6468 /* ProfileViewModel.swift in Sources */ = {isa = PBXBuildFile; fileRef = FB4142F426DA9721003C6468 /* ProfileViewModel.swift */; };
		FB4142F926DA97B2003C6468 /* ListViewController.swift in Sources */ = {isa = PBXBuildFile; fileRef = FB4142F726DA97B2003C6468 /* ListViewController.swift */; };
		FB4142FA26DA97B2003C6468 /* ListViewController.xib in Resources */ = {isa = PBXBuildFile; fileRef = FB4142F826DA97B2003C6468 /* ListViewController.xib */; };
		FB4142FC26DA97BD003C6468 /* ListViewModel.swift in Sources */ = {isa = PBXBuildFile; fileRef = FB4142FB26DA97BD003C6468 /* ListViewModel.swift */; };
		FB41430026DA9833003C6468 /* SettingViewController.swift in Sources */ = {isa = PBXBuildFile; fileRef = FB4142FE26DA9833003C6468 /* SettingViewController.swift */; };
		FB41430126DA9833003C6468 /* SettingViewController.xib in Resources */ = {isa = PBXBuildFile; fileRef = FB4142FF26DA9833003C6468 /* SettingViewController.xib */; };
		FB41430326DA9842003C6468 /* SettingViewModel.swift in Sources */ = {isa = PBXBuildFile; fileRef = FB41430226DA9842003C6468 /* SettingViewModel.swift */; };
		FB41430526DA9C79003C6468 /* GoogleService-Info.plist in Resources */ = {isa = PBXBuildFile; fileRef = FB41430426DA9C79003C6468 /* GoogleService-Info.plist */; };
		FB41430826DAA27E003C6468 /* FirebaseAnalytics in Frameworks */ = {isa = PBXBuildFile; productRef = FB41430726DAA27E003C6468 /* FirebaseAnalytics */; };
		FB41430A26DAA27E003C6468 /* FirebaseCrashlytics in Frameworks */ = {isa = PBXBuildFile; productRef = FB41430926DAA27E003C6468 /* FirebaseCrashlytics */; };
		FB41430C26DAA27E003C6468 /* FirebaseAuth in Frameworks */ = {isa = PBXBuildFile; productRef = FB41430B26DAA27E003C6468 /* FirebaseAuth */; };
		FB41430E26DAA27E003C6468 /* FirebaseFirestore in Frameworks */ = {isa = PBXBuildFile; productRef = FB41430D26DAA27E003C6468 /* FirebaseFirestore */; };
		FB8BF37F26D67CDE0091CC58 /* AppDelegate.swift in Sources */ = {isa = PBXBuildFile; fileRef = FB8BF37E26D67CDE0091CC58 /* AppDelegate.swift */; };
		FB8BF38B26D67CE20091CC58 /* Assets.xcassets in Resources */ = {isa = PBXBuildFile; fileRef = FB8BF38A26D67CE20091CC58 /* Assets.xcassets */; };
		FB8BF38E26D67CE20091CC58 /* LaunchScreen.storyboard in Resources */ = {isa = PBXBuildFile; fileRef = FB8BF38C26D67CE20091CC58 /* LaunchScreen.storyboard */; };
		FB8BF39926D67CE30091CC58 /* AccountBookTests.swift in Sources */ = {isa = PBXBuildFile; fileRef = FB8BF39826D67CE30091CC58 /* AccountBookTests.swift */; };
		FB8BF3A426D67CE30091CC58 /* AccountBookUITests.swift in Sources */ = {isa = PBXBuildFile; fileRef = FB8BF3A326D67CE30091CC58 /* AccountBookUITests.swift */; };
		FB8BF3B226D681320091CC58 /* TabBarController.swift in Sources */ = {isa = PBXBuildFile; fileRef = FB8BF3B126D681320091CC58 /* TabBarController.swift */; };
		FB8BF3B726D685710091CC58 /* ChartViewController.swift in Sources */ = {isa = PBXBuildFile; fileRef = FB8BF3B526D685710091CC58 /* ChartViewController.swift */; };
		FB8BF3B826D685710091CC58 /* ChartViewController.xib in Resources */ = {isa = PBXBuildFile; fileRef = FB8BF3B626D685710091CC58 /* ChartViewController.xib */; };
		FB8BF3BA26D696740091CC58 /* ChartViewModel.swift in Sources */ = {isa = PBXBuildFile; fileRef = FB8BF3B926D696740091CC58 /* ChartViewModel.swift */; };
		FB8BF3BD26D92B9E0091CC58 /* Charts in Frameworks */ = {isa = PBXBuildFile; productRef = FB8BF3BC26D92B9E0091CC58 /* Charts */; };
		FB8BF3C126D92D430091CC58 /* PieChartViewController.swift in Sources */ = {isa = PBXBuildFile; fileRef = FB8BF3BF26D92D430091CC58 /* PieChartViewController.swift */; };
		FB8BF3C226D92D430091CC58 /* PieChartViewController.xib in Resources */ = {isa = PBXBuildFile; fileRef = FB8BF3C026D92D430091CC58 /* PieChartViewController.xib */; };
		FB8BF3C426D92D710091CC58 /* PieChartViewModel.swift in Sources */ = {isa = PBXBuildFile; fileRef = FB8BF3C326D92D710091CC58 /* PieChartViewModel.swift */; };
		FB8BF3C726D931530091CC58 /* UIView+Design.swift in Sources */ = {isa = PBXBuildFile; fileRef = FB8BF3C626D931530091CC58 /* UIView+Design.swift */; };
		FB8BF3CB26DA76140091CC58 /* BarChartViewController.swift in Sources */ = {isa = PBXBuildFile; fileRef = FB8BF3C926DA76140091CC58 /* BarChartViewController.swift */; };
		FB8BF3CC26DA76140091CC58 /* BarChartViewController.xib in Resources */ = {isa = PBXBuildFile; fileRef = FB8BF3CA26DA76140091CC58 /* BarChartViewController.xib */; };
		FB8BF3CE26DA763B0091CC58 /* BarChartViewModel.swift in Sources */ = {isa = PBXBuildFile; fileRef = FB8BF3CD26DA763B0091CC58 /* BarChartViewModel.swift */; };
		FB8BF3D226DA79F80091CC58 /* BarChartCell.swift in Sources */ = {isa = PBXBuildFile; fileRef = FB8BF3D026DA79F80091CC58 /* BarChartCell.swift */; };
		FB8BF3D326DA79F80091CC58 /* BarChartCell.xib in Resources */ = {isa = PBXBuildFile; fileRef = FB8BF3D126DA79F80091CC58 /* BarChartCell.xib */; };
		FB8BF3D526DA7A180091CC58 /* BarChartCellViewModel.swift in Sources */ = {isa = PBXBuildFile; fileRef = FB8BF3D426DA7A180091CC58 /* BarChartCellViewModel.swift */; };
		FB8BF3D926DA7EA90091CC58 /* MonthlyChartViewController.swift in Sources */ = {isa = PBXBuildFile; fileRef = FB8BF3D726DA7EA90091CC58 /* MonthlyChartViewController.swift */; };
		FB8BF3DA26DA7EA90091CC58 /* MonthlyChartViewController.xib in Resources */ = {isa = PBXBuildFile; fileRef = FB8BF3D826DA7EA90091CC58 /* MonthlyChartViewController.xib */; };
		FB8BF3DC26DA7EB60091CC58 /* MonthlyChartViewModel.swift in Sources */ = {isa = PBXBuildFile; fileRef = FB8BF3DB26DA7EB60091CC58 /* MonthlyChartViewModel.swift */; };
		FB8BF3E026DA8E280091CC58 /* MonthlyChartCell.swift in Sources */ = {isa = PBXBuildFile; fileRef = FB8BF3DE26DA8E280091CC58 /* MonthlyChartCell.swift */; };
		FB8BF3E126DA8E280091CC58 /* MonthlyChartCell.xib in Resources */ = {isa = PBXBuildFile; fileRef = FB8BF3DF26DA8E280091CC58 /* MonthlyChartCell.xib */; };
		FB8BF3E326DA8E330091CC58 /* MonthlyChartCellViewModel.swift in Sources */ = {isa = PBXBuildFile; fileRef = FB8BF3E226DA8E330091CC58 /* MonthlyChartCellViewModel.swift */; };
		FBD38C0926DAB1EF00E9365F /* GoogleSignIn in Frameworks */ = {isa = PBXBuildFile; productRef = FBD38C0826DAB1EF00E9365F /* GoogleSignIn */; };
		FBD38C0D26DAB2B500E9365F /* SignInViewController.swift in Sources */ = {isa = PBXBuildFile; fileRef = FBD38C0B26DAB2B500E9365F /* SignInViewController.swift */; };
		FBD38C0E26DAB2B500E9365F /* SignInViewController.xib in Resources */ = {isa = PBXBuildFile; fileRef = FBD38C0C26DAB2B500E9365F /* SignInViewController.xib */; };
/* End PBXBuildFile section */

/* Begin PBXContainerItemProxy section */
		FB8BF39526D67CE30091CC58 /* PBXContainerItemProxy */ = {
			isa = PBXContainerItemProxy;
			containerPortal = FB8BF37326D67CDE0091CC58 /* Project object */;
			proxyType = 1;
			remoteGlobalIDString = FB8BF37A26D67CDE0091CC58;
			remoteInfo = AccountBook;
		};
		FB8BF3A026D67CE30091CC58 /* PBXContainerItemProxy */ = {
			isa = PBXContainerItemProxy;
			containerPortal = FB8BF37326D67CDE0091CC58 /* Project object */;
			proxyType = 1;
			remoteGlobalIDString = FB8BF37A26D67CDE0091CC58;
			remoteInfo = AccountBook;
		};
/* End PBXContainerItemProxy section */

/* Begin PBXFileReference section */
		FB4142F026DA9716003C6468 /* ProfileViewController.swift */ = {isa = PBXFileReference; lastKnownFileType = sourcecode.swift; path = ProfileViewController.swift; sourceTree = "<group>"; };
		FB4142F126DA9716003C6468 /* ProfileViewController.xib */ = {isa = PBXFileReference; lastKnownFileType = file.xib; path = ProfileViewController.xib; sourceTree = "<group>"; };
		FB4142F426DA9721003C6468 /* ProfileViewModel.swift */ = {isa = PBXFileReference; lastKnownFileType = sourcecode.swift; path = ProfileViewModel.swift; sourceTree = "<group>"; };
		FB4142F726DA97B2003C6468 /* ListViewController.swift */ = {isa = PBXFileReference; lastKnownFileType = sourcecode.swift; path = ListViewController.swift; sourceTree = "<group>"; };
		FB4142F826DA97B2003C6468 /* ListViewController.xib */ = {isa = PBXFileReference; lastKnownFileType = file.xib; path = ListViewController.xib; sourceTree = "<group>"; };
		FB4142FB26DA97BD003C6468 /* ListViewModel.swift */ = {isa = PBXFileReference; lastKnownFileType = sourcecode.swift; path = ListViewModel.swift; sourceTree = "<group>"; };
		FB4142FE26DA9833003C6468 /* SettingViewController.swift */ = {isa = PBXFileReference; lastKnownFileType = sourcecode.swift; path = SettingViewController.swift; sourceTree = "<group>"; };
		FB4142FF26DA9833003C6468 /* SettingViewController.xib */ = {isa = PBXFileReference; lastKnownFileType = file.xib; path = SettingViewController.xib; sourceTree = "<group>"; };
		FB41430226DA9842003C6468 /* SettingViewModel.swift */ = {isa = PBXFileReference; lastKnownFileType = sourcecode.swift; path = SettingViewModel.swift; sourceTree = "<group>"; };
		FB41430426DA9C79003C6468 /* GoogleService-Info.plist */ = {isa = PBXFileReference; fileEncoding = 4; lastKnownFileType = text.plist.xml; path = "GoogleService-Info.plist"; sourceTree = "<group>"; };
		FB8BF37B26D67CDE0091CC58 /* AccountBook.app */ = {isa = PBXFileReference; explicitFileType = wrapper.application; includeInIndex = 0; path = AccountBook.app; sourceTree = BUILT_PRODUCTS_DIR; };
		FB8BF37E26D67CDE0091CC58 /* AppDelegate.swift */ = {isa = PBXFileReference; lastKnownFileType = sourcecode.swift; path = AppDelegate.swift; sourceTree = "<group>"; };
		FB8BF38A26D67CE20091CC58 /* Assets.xcassets */ = {isa = PBXFileReference; lastKnownFileType = folder.assetcatalog; path = Assets.xcassets; sourceTree = "<group>"; };
		FB8BF38D26D67CE20091CC58 /* Base */ = {isa = PBXFileReference; lastKnownFileType = file.storyboard; name = Base; path = Base.lproj/LaunchScreen.storyboard; sourceTree = "<group>"; };
		FB8BF38F26D67CE20091CC58 /* Info.plist */ = {isa = PBXFileReference; lastKnownFileType = text.plist.xml; path = Info.plist; sourceTree = "<group>"; };
		FB8BF39426D67CE30091CC58 /* AccountBookTests.xctest */ = {isa = PBXFileReference; explicitFileType = wrapper.cfbundle; includeInIndex = 0; path = AccountBookTests.xctest; sourceTree = BUILT_PRODUCTS_DIR; };
		FB8BF39826D67CE30091CC58 /* AccountBookTests.swift */ = {isa = PBXFileReference; lastKnownFileType = sourcecode.swift; path = AccountBookTests.swift; sourceTree = "<group>"; };
		FB8BF39A26D67CE30091CC58 /* Info.plist */ = {isa = PBXFileReference; lastKnownFileType = text.plist.xml; path = Info.plist; sourceTree = "<group>"; };
		FB8BF39F26D67CE30091CC58 /* AccountBookUITests.xctest */ = {isa = PBXFileReference; explicitFileType = wrapper.cfbundle; includeInIndex = 0; path = AccountBookUITests.xctest; sourceTree = BUILT_PRODUCTS_DIR; };
		FB8BF3A326D67CE30091CC58 /* AccountBookUITests.swift */ = {isa = PBXFileReference; lastKnownFileType = sourcecode.swift; path = AccountBookUITests.swift; sourceTree = "<group>"; };
		FB8BF3A526D67CE30091CC58 /* Info.plist */ = {isa = PBXFileReference; lastKnownFileType = text.plist.xml; path = Info.plist; sourceTree = "<group>"; };
		FB8BF3B126D681320091CC58 /* TabBarController.swift */ = {isa = PBXFileReference; lastKnownFileType = sourcecode.swift; path = TabBarController.swift; sourceTree = "<group>"; };
		FB8BF3B526D685710091CC58 /* ChartViewController.swift */ = {isa = PBXFileReference; lastKnownFileType = sourcecode.swift; path = ChartViewController.swift; sourceTree = "<group>"; };
		FB8BF3B626D685710091CC58 /* ChartViewController.xib */ = {isa = PBXFileReference; lastKnownFileType = file.xib; path = ChartViewController.xib; sourceTree = "<group>"; };
		FB8BF3B926D696740091CC58 /* ChartViewModel.swift */ = {isa = PBXFileReference; lastKnownFileType = sourcecode.swift; path = ChartViewModel.swift; sourceTree = "<group>"; };
		FB8BF3BF26D92D430091CC58 /* PieChartViewController.swift */ = {isa = PBXFileReference; lastKnownFileType = sourcecode.swift; path = PieChartViewController.swift; sourceTree = "<group>"; };
		FB8BF3C026D92D430091CC58 /* PieChartViewController.xib */ = {isa = PBXFileReference; lastKnownFileType = file.xib; path = PieChartViewController.xib; sourceTree = "<group>"; };
		FB8BF3C326D92D710091CC58 /* PieChartViewModel.swift */ = {isa = PBXFileReference; lastKnownFileType = sourcecode.swift; path = PieChartViewModel.swift; sourceTree = "<group>"; };
		FB8BF3C626D931530091CC58 /* UIView+Design.swift */ = {isa = PBXFileReference; lastKnownFileType = sourcecode.swift; path = "UIView+Design.swift"; sourceTree = "<group>"; };
		FB8BF3C926DA76140091CC58 /* BarChartViewController.swift */ = {isa = PBXFileReference; lastKnownFileType = sourcecode.swift; path = BarChartViewController.swift; sourceTree = "<group>"; };
		FB8BF3CA26DA76140091CC58 /* BarChartViewController.xib */ = {isa = PBXFileReference; lastKnownFileType = file.xib; path = BarChartViewController.xib; sourceTree = "<group>"; };
		FB8BF3CD26DA763B0091CC58 /* BarChartViewModel.swift */ = {isa = PBXFileReference; lastKnownFileType = sourcecode.swift; path = BarChartViewModel.swift; sourceTree = "<group>"; };
		FB8BF3D026DA79F80091CC58 /* BarChartCell.swift */ = {isa = PBXFileReference; lastKnownFileType = sourcecode.swift; path = BarChartCell.swift; sourceTree = "<group>"; };
		FB8BF3D126DA79F80091CC58 /* BarChartCell.xib */ = {isa = PBXFileReference; lastKnownFileType = file.xib; path = BarChartCell.xib; sourceTree = "<group>"; };
		FB8BF3D426DA7A180091CC58 /* BarChartCellViewModel.swift */ = {isa = PBXFileReference; lastKnownFileType = sourcecode.swift; path = BarChartCellViewModel.swift; sourceTree = "<group>"; };
		FB8BF3D726DA7EA90091CC58 /* MonthlyChartViewController.swift */ = {isa = PBXFileReference; lastKnownFileType = sourcecode.swift; path = MonthlyChartViewController.swift; sourceTree = "<group>"; };
		FB8BF3D826DA7EA90091CC58 /* MonthlyChartViewController.xib */ = {isa = PBXFileReference; lastKnownFileType = file.xib; path = MonthlyChartViewController.xib; sourceTree = "<group>"; };
		FB8BF3DB26DA7EB60091CC58 /* MonthlyChartViewModel.swift */ = {isa = PBXFileReference; lastKnownFileType = sourcecode.swift; path = MonthlyChartViewModel.swift; sourceTree = "<group>"; };
		FB8BF3DE26DA8E280091CC58 /* MonthlyChartCell.swift */ = {isa = PBXFileReference; lastKnownFileType = sourcecode.swift; path = MonthlyChartCell.swift; sourceTree = "<group>"; };
		FB8BF3DF26DA8E280091CC58 /* MonthlyChartCell.xib */ = {isa = PBXFileReference; lastKnownFileType = file.xib; path = MonthlyChartCell.xib; sourceTree = "<group>"; };
		FB8BF3E226DA8E330091CC58 /* MonthlyChartCellViewModel.swift */ = {isa = PBXFileReference; lastKnownFileType = sourcecode.swift; path = MonthlyChartCellViewModel.swift; sourceTree = "<group>"; };
		FBD38C0B26DAB2B500E9365F /* SignInViewController.swift */ = {isa = PBXFileReference; lastKnownFileType = sourcecode.swift; path = SignInViewController.swift; sourceTree = "<group>"; };
		FBD38C0C26DAB2B500E9365F /* SignInViewController.xib */ = {isa = PBXFileReference; lastKnownFileType = file.xib; path = SignInViewController.xib; sourceTree = "<group>"; };
/* End PBXFileReference section */

/* Begin PBXFrameworksBuildPhase section */
		FB8BF37826D67CDE0091CC58 /* Frameworks */ = {
			isa = PBXFrameworksBuildPhase;
			buildActionMask = 2147483647;
			files = (
				FB41430A26DAA27E003C6468 /* FirebaseCrashlytics in Frameworks */,
				FB41430826DAA27E003C6468 /* FirebaseAnalytics in Frameworks */,
				FB8BF3BD26D92B9E0091CC58 /* Charts in Frameworks */,
				FB41430E26DAA27E003C6468 /* FirebaseFirestore in Frameworks */,
				FB41430C26DAA27E003C6468 /* FirebaseAuth in Frameworks */,
				FBD38C0926DAB1EF00E9365F /* GoogleSignIn in Frameworks */,
			);
			runOnlyForDeploymentPostprocessing = 0;
		};
		FB8BF39126D67CE30091CC58 /* Frameworks */ = {
			isa = PBXFrameworksBuildPhase;
			buildActionMask = 2147483647;
			files = (
			);
			runOnlyForDeploymentPostprocessing = 0;
		};
		FB8BF39C26D67CE30091CC58 /* Frameworks */ = {
			isa = PBXFrameworksBuildPhase;
			buildActionMask = 2147483647;
			files = (
			);
			runOnlyForDeploymentPostprocessing = 0;
		};
/* End PBXFrameworksBuildPhase section */

/* Begin PBXGroup section */
		FB4142EF26DA96FF003C6468 /* ProfileViewController */ = {
			isa = PBXGroup;
			children = (
				FBD38C0A26DAB29900E9365F /* SignInViewController */,
				FB4142F426DA9721003C6468 /* ProfileViewModel.swift */,
				FB4142F026DA9716003C6468 /* ProfileViewController.swift */,
				FB4142F126DA9716003C6468 /* ProfileViewController.xib */,
			);
			path = ProfileViewController;
			sourceTree = "<group>";
		};
		FB4142F626DA97A4003C6468 /* ListViewController */ = {
			isa = PBXGroup;
			children = (
				FB4142FB26DA97BD003C6468 /* ListViewModel.swift */,
				FB4142F726DA97B2003C6468 /* ListViewController.swift */,
				FB4142F826DA97B2003C6468 /* ListViewController.xib */,
			);
			path = ListViewController;
			sourceTree = "<group>";
		};
		FB4142FD26DA9824003C6468 /* SettingViewController */ = {
			isa = PBXGroup;
			children = (
				FB41430226DA9842003C6468 /* SettingViewModel.swift */,
				FB4142FE26DA9833003C6468 /* SettingViewController.swift */,
				FB4142FF26DA9833003C6468 /* SettingViewController.xib */,
			);
			path = SettingViewController;
			sourceTree = "<group>";
		};
		FB8BF37226D67CDE0091CC58 = {
			isa = PBXGroup;
			children = (
				FB8BF37D26D67CDE0091CC58 /* AccountBook */,
				FB8BF39726D67CE30091CC58 /* AccountBookTests */,
				FB8BF3A226D67CE30091CC58 /* AccountBookUITests */,
				FB8BF37C26D67CDE0091CC58 /* Products */,
			);
			sourceTree = "<group>";
		};
		FB8BF37C26D67CDE0091CC58 /* Products */ = {
			isa = PBXGroup;
			children = (
				FB8BF37B26D67CDE0091CC58 /* AccountBook.app */,
				FB8BF39426D67CE30091CC58 /* AccountBookTests.xctest */,
				FB8BF39F26D67CE30091CC58 /* AccountBookUITests.xctest */,
			);
			name = Products;
			sourceTree = "<group>";
		};
		FB8BF37D26D67CDE0091CC58 /* AccountBook */ = {
			isa = PBXGroup;
			children = (
				FB4142FD26DA9824003C6468 /* SettingViewController */,
				FB4142F626DA97A4003C6468 /* ListViewController */,
				FB4142EF26DA96FF003C6468 /* ProfileViewController */,
				FB8BF3B426D6855F0091CC58 /* ChartViewController */,
				FB8BF38F26D67CE20091CC58 /* Info.plist */,
				FB8BF38C26D67CE20091CC58 /* LaunchScreen.storyboard */,
				FB8BF37E26D67CDE0091CC58 /* AppDelegate.swift */,
				FB8BF3B126D681320091CC58 /* TabBarController.swift */,
				FB41430426DA9C79003C6468 /* GoogleService-Info.plist */,
				FB8BF3C526D931360091CC58 /* Extension */,
				FB8BF3B326D684920091CC58 /* Resource */,
			);
			path = AccountBook;
			sourceTree = "<group>";
		};
		FB8BF39726D67CE30091CC58 /* AccountBookTests */ = {
			isa = PBXGroup;
			children = (
				FB8BF39826D67CE30091CC58 /* AccountBookTests.swift */,
				FB8BF39A26D67CE30091CC58 /* Info.plist */,
			);
			path = AccountBookTests;
			sourceTree = "<group>";
		};
		FB8BF3A226D67CE30091CC58 /* AccountBookUITests */ = {
			isa = PBXGroup;
			children = (
				FB8BF3A326D67CE30091CC58 /* AccountBookUITests.swift */,
				FB8BF3A526D67CE30091CC58 /* Info.plist */,
			);
			path = AccountBookUITests;
			sourceTree = "<group>";
		};
		FB8BF3B326D684920091CC58 /* Resource */ = {
			isa = PBXGroup;
			children = (
				FB8BF38A26D67CE20091CC58 /* Assets.xcassets */,
			);
			path = Resource;
			sourceTree = "<group>";
		};
		FB8BF3B426D6855F0091CC58 /* ChartViewController */ = {
			isa = PBXGroup;
			children = (
				FB8BF3D626DA7E7C0091CC58 /* MonthlyChartViewController */,
				FB8BF3C826DA75F30091CC58 /* BarChartViewController */,
				FB8BF3BE26D92D2C0091CC58 /* PieChartViewController */,
				FB8BF3B926D696740091CC58 /* ChartViewModel.swift */,
				FB8BF3B526D685710091CC58 /* ChartViewController.swift */,
				FB8BF3B626D685710091CC58 /* ChartViewController.xib */,
			);
			path = ChartViewController;
			sourceTree = "<group>";
		};
		FB8BF3BE26D92D2C0091CC58 /* PieChartViewController */ = {
			isa = PBXGroup;
			children = (
				FB8BF3C326D92D710091CC58 /* PieChartViewModel.swift */,
				FB8BF3BF26D92D430091CC58 /* PieChartViewController.swift */,
				FB8BF3C026D92D430091CC58 /* PieChartViewController.xib */,
			);
			path = PieChartViewController;
			sourceTree = "<group>";
		};
		FB8BF3C526D931360091CC58 /* Extension */ = {
			isa = PBXGroup;
			children = (
				FB8BF3C626D931530091CC58 /* UIView+Design.swift */,
			);
			path = Extension;
			sourceTree = "<group>";
		};
		FB8BF3C826DA75F30091CC58 /* BarChartViewController */ = {
			isa = PBXGroup;
			children = (
				FB8BF3CF26DA78DF0091CC58 /* Cell */,
				FB8BF3CD26DA763B0091CC58 /* BarChartViewModel.swift */,
				FB8BF3C926DA76140091CC58 /* BarChartViewController.swift */,
				FB8BF3CA26DA76140091CC58 /* BarChartViewController.xib */,
			);
			path = BarChartViewController;
			sourceTree = "<group>";
		};
		FB8BF3CF26DA78DF0091CC58 /* Cell */ = {
			isa = PBXGroup;
			children = (
				FB8BF3D426DA7A180091CC58 /* BarChartCellViewModel.swift */,
				FB8BF3D026DA79F80091CC58 /* BarChartCell.swift */,
				FB8BF3D126DA79F80091CC58 /* BarChartCell.xib */,
			);
			path = Cell;
			sourceTree = "<group>";
		};
		FB8BF3D626DA7E7C0091CC58 /* MonthlyChartViewController */ = {
			isa = PBXGroup;
			children = (
				FB8BF3DD26DA8E120091CC58 /* Cell */,
				FB8BF3DB26DA7EB60091CC58 /* MonthlyChartViewModel.swift */,
				FB8BF3D726DA7EA90091CC58 /* MonthlyChartViewController.swift */,
				FB8BF3D826DA7EA90091CC58 /* MonthlyChartViewController.xib */,
			);
			path = MonthlyChartViewController;
			sourceTree = "<group>";
		};
		FB8BF3DD26DA8E120091CC58 /* Cell */ = {
			isa = PBXGroup;
			children = (
				FB8BF3E226DA8E330091CC58 /* MonthlyChartCellViewModel.swift */,
				FB8BF3DE26DA8E280091CC58 /* MonthlyChartCell.swift */,
				FB8BF3DF26DA8E280091CC58 /* MonthlyChartCell.xib */,
			);
			path = Cell;
			sourceTree = "<group>";
		};
		FBD38C0A26DAB29900E9365F /* SignInViewController */ = {
			isa = PBXGroup;
			children = (
				FBD38C0B26DAB2B500E9365F /* SignInViewController.swift */,
				FBD38C0C26DAB2B500E9365F /* SignInViewController.xib */,
			);
			path = SignInViewController;
			sourceTree = "<group>";
		};
/* End PBXGroup section */

/* Begin PBXNativeTarget section */
		FB8BF37A26D67CDE0091CC58 /* AccountBook */ = {
			isa = PBXNativeTarget;
			buildConfigurationList = FB8BF3A826D67CE30091CC58 /* Build configuration list for PBXNativeTarget "AccountBook" */;
			buildPhases = (
				FB8BF37726D67CDE0091CC58 /* Sources */,
				FB8BF37826D67CDE0091CC58 /* Frameworks */,
				FB8BF37926D67CDE0091CC58 /* Resources */,
			);
			buildRules = (
			);
			dependencies = (
			);
			name = AccountBook;
			packageProductDependencies = (
				FB8BF3BC26D92B9E0091CC58 /* Charts */,
				FB41430726DAA27E003C6468 /* FirebaseAnalytics */,
				FB41430926DAA27E003C6468 /* FirebaseCrashlytics */,
				FB41430B26DAA27E003C6468 /* FirebaseAuth */,
				FB41430D26DAA27E003C6468 /* FirebaseFirestore */,
				FBD38C0826DAB1EF00E9365F /* GoogleSignIn */,
			);
			productName = AccountBook;
			productReference = FB8BF37B26D67CDE0091CC58 /* AccountBook.app */;
			productType = "com.apple.product-type.application";
		};
		FB8BF39326D67CE30091CC58 /* AccountBookTests */ = {
			isa = PBXNativeTarget;
			buildConfigurationList = FB8BF3AB26D67CE30091CC58 /* Build configuration list for PBXNativeTarget "AccountBookTests" */;
			buildPhases = (
				FB8BF39026D67CE30091CC58 /* Sources */,
				FB8BF39126D67CE30091CC58 /* Frameworks */,
				FB8BF39226D67CE30091CC58 /* Resources */,
			);
			buildRules = (
			);
			dependencies = (
				FB8BF39626D67CE30091CC58 /* PBXTargetDependency */,
			);
			name = AccountBookTests;
			productName = AccountBookTests;
			productReference = FB8BF39426D67CE30091CC58 /* AccountBookTests.xctest */;
			productType = "com.apple.product-type.bundle.unit-test";
		};
		FB8BF39E26D67CE30091CC58 /* AccountBookUITests */ = {
			isa = PBXNativeTarget;
			buildConfigurationList = FB8BF3AE26D67CE30091CC58 /* Build configuration list for PBXNativeTarget "AccountBookUITests" */;
			buildPhases = (
				FB8BF39B26D67CE30091CC58 /* Sources */,
				FB8BF39C26D67CE30091CC58 /* Frameworks */,
				FB8BF39D26D67CE30091CC58 /* Resources */,
			);
			buildRules = (
			);
			dependencies = (
				FB8BF3A126D67CE30091CC58 /* PBXTargetDependency */,
			);
			name = AccountBookUITests;
			productName = AccountBookUITests;
			productReference = FB8BF39F26D67CE30091CC58 /* AccountBookUITests.xctest */;
			productType = "com.apple.product-type.bundle.ui-testing";
		};
/* End PBXNativeTarget section */

/* Begin PBXProject section */
		FB8BF37326D67CDE0091CC58 /* Project object */ = {
			isa = PBXProject;
			attributes = {
				LastSwiftUpdateCheck = 1250;
				LastUpgradeCheck = 1250;
				TargetAttributes = {
					FB8BF37A26D67CDE0091CC58 = {
						CreatedOnToolsVersion = 12.5.1;
					};
					FB8BF39326D67CE30091CC58 = {
						CreatedOnToolsVersion = 12.5.1;
						TestTargetID = FB8BF37A26D67CDE0091CC58;
					};
					FB8BF39E26D67CE30091CC58 = {
						CreatedOnToolsVersion = 12.5.1;
						TestTargetID = FB8BF37A26D67CDE0091CC58;
					};
				};
			};
			buildConfigurationList = FB8BF37626D67CDE0091CC58 /* Build configuration list for PBXProject "AccountBook" */;
			compatibilityVersion = "Xcode 9.3";
			developmentRegion = en;
			hasScannedForEncodings = 0;
			knownRegions = (
				en,
				Base,
			);
			mainGroup = FB8BF37226D67CDE0091CC58;
			packageReferences = (
				FB8BF3BB26D92B9E0091CC58 /* XCRemoteSwiftPackageReference "Charts" */,
				FB41430626DAA27E003C6468 /* XCRemoteSwiftPackageReference "firebase-ios-sdk" */,
				FBD38C0726DAB1EE00E9365F /* XCRemoteSwiftPackageReference "GoogleSignIn-iOS" */,
			);
			productRefGroup = FB8BF37C26D67CDE0091CC58 /* Products */;
			projectDirPath = "";
			projectRoot = "";
			targets = (
				FB8BF37A26D67CDE0091CC58 /* AccountBook */,
				FB8BF39326D67CE30091CC58 /* AccountBookTests */,
				FB8BF39E26D67CE30091CC58 /* AccountBookUITests */,
			);
		};
/* End PBXProject section */

/* Begin PBXResourcesBuildPhase section */
		FB8BF37926D67CDE0091CC58 /* Resources */ = {
			isa = PBXResourcesBuildPhase;
			buildActionMask = 2147483647;
			files = (
				FB4142F326DA9716003C6468 /* ProfileViewController.xib in Resources */,
				FB8BF3D326DA79F80091CC58 /* BarChartCell.xib in Resources */,
				FB4142FA26DA97B2003C6468 /* ListViewController.xib in Resources */,
				FBD38C0E26DAB2B500E9365F /* SignInViewController.xib in Resources */,
				FB8BF38E26D67CE20091CC58 /* LaunchScreen.storyboard in Resources */,
				FB8BF3E126DA8E280091CC58 /* MonthlyChartCell.xib in Resources */,
				FB41430526DA9C79003C6468 /* GoogleService-Info.plist in Resources */,
				FB8BF3B826D685710091CC58 /* ChartViewController.xib in Resources */,
				FB8BF3CC26DA76140091CC58 /* BarChartViewController.xib in Resources */,
				FB41430126DA9833003C6468 /* SettingViewController.xib in Resources */,
				FB8BF3C226D92D430091CC58 /* PieChartViewController.xib in Resources */,
				FB8BF38B26D67CE20091CC58 /* Assets.xcassets in Resources */,
				FB8BF3DA26DA7EA90091CC58 /* MonthlyChartViewController.xib in Resources */,
			);
			runOnlyForDeploymentPostprocessing = 0;
		};
		FB8BF39226D67CE30091CC58 /* Resources */ = {
			isa = PBXResourcesBuildPhase;
			buildActionMask = 2147483647;
			files = (
			);
			runOnlyForDeploymentPostprocessing = 0;
		};
		FB8BF39D26D67CE30091CC58 /* Resources */ = {
			isa = PBXResourcesBuildPhase;
			buildActionMask = 2147483647;
			files = (
			);
			runOnlyForDeploymentPostprocessing = 0;
		};
/* End PBXResourcesBuildPhase section */

/* Begin PBXSourcesBuildPhase section */
		FB8BF37726D67CDE0091CC58 /* Sources */ = {
			isa = PBXSourcesBuildPhase;
			buildActionMask = 2147483647;
			files = (
				FBD38C0D26DAB2B500E9365F /* SignInViewController.swift in Sources */,
				FB8BF3C726D931530091CC58 /* UIView+Design.swift in Sources */,
				FB8BF3DC26DA7EB60091CC58 /* MonthlyChartViewModel.swift in Sources */,
				FB8BF3C126D92D430091CC58 /* PieChartViewController.swift in Sources */,
				FB8BF3E326DA8E330091CC58 /* MonthlyChartCellViewModel.swift in Sources */,
				FB8BF3CB26DA76140091CC58 /* BarChartViewController.swift in Sources */,
				FB41430026DA9833003C6468 /* SettingViewController.swift in Sources */,
				FB8BF3BA26D696740091CC58 /* ChartViewModel.swift in Sources */,
				FB4142F226DA9716003C6468 /* ProfileViewController.swift in Sources */,
				FB4142F926DA97B2003C6468 /* ListViewController.swift in Sources */,
				FB8BF3D526DA7A180091CC58 /* BarChartCellViewModel.swift in Sources */,
				FB4142FC26DA97BD003C6468 /* ListViewModel.swift in Sources */,
				FB8BF3CE26DA763B0091CC58 /* BarChartViewModel.swift in Sources */,
				FB8BF3D926DA7EA90091CC58 /* MonthlyChartViewController.swift in Sources */,
				FB8BF3B726D685710091CC58 /* ChartViewController.swift in Sources */,
				FB4142F526DA9721003C6468 /* ProfileViewModel.swift in Sources */,
				FB8BF3E026DA8E280091CC58 /* MonthlyChartCell.swift in Sources */,
				FB8BF3C426D92D710091CC58 /* PieChartViewModel.swift in Sources */,
				FB8BF37F26D67CDE0091CC58 /* AppDelegate.swift in Sources */,
				FB41430326DA9842003C6468 /* SettingViewModel.swift in Sources */,
				FB8BF3B226D681320091CC58 /* TabBarController.swift in Sources */,
				FB8BF3D226DA79F80091CC58 /* BarChartCell.swift in Sources */,
			);
			runOnlyForDeploymentPostprocessing = 0;
		};
		FB8BF39026D67CE30091CC58 /* Sources */ = {
			isa = PBXSourcesBuildPhase;
			buildActionMask = 2147483647;
			files = (
				FB8BF39926D67CE30091CC58 /* AccountBookTests.swift in Sources */,
			);
			runOnlyForDeploymentPostprocessing = 0;
		};
		FB8BF39B26D67CE30091CC58 /* Sources */ = {
			isa = PBXSourcesBuildPhase;
			buildActionMask = 2147483647;
			files = (
				FB8BF3A426D67CE30091CC58 /* AccountBookUITests.swift in Sources */,
			);
			runOnlyForDeploymentPostprocessing = 0;
		};
/* End PBXSourcesBuildPhase section */

/* Begin PBXTargetDependency section */
		FB8BF39626D67CE30091CC58 /* PBXTargetDependency */ = {
			isa = PBXTargetDependency;
			target = FB8BF37A26D67CDE0091CC58 /* AccountBook */;
			targetProxy = FB8BF39526D67CE30091CC58 /* PBXContainerItemProxy */;
		};
		FB8BF3A126D67CE30091CC58 /* PBXTargetDependency */ = {
			isa = PBXTargetDependency;
			target = FB8BF37A26D67CDE0091CC58 /* AccountBook */;
			targetProxy = FB8BF3A026D67CE30091CC58 /* PBXContainerItemProxy */;
		};
/* End PBXTargetDependency section */

/* Begin PBXVariantGroup section */
		FB8BF38C26D67CE20091CC58 /* LaunchScreen.storyboard */ = {
			isa = PBXVariantGroup;
			children = (
				FB8BF38D26D67CE20091CC58 /* Base */,
			);
			name = LaunchScreen.storyboard;
			sourceTree = "<group>";
		};
/* End PBXVariantGroup section */

/* Begin XCBuildConfiguration section */
		FB8BF3A626D67CE30091CC58 /* Debug */ = {
			isa = XCBuildConfiguration;
			buildSettings = {
				ALWAYS_SEARCH_USER_PATHS = NO;
				CLANG_ANALYZER_NONNULL = YES;
				CLANG_ANALYZER_NUMBER_OBJECT_CONVERSION = YES_AGGRESSIVE;
				CLANG_CXX_LANGUAGE_STANDARD = "gnu++14";
				CLANG_CXX_LIBRARY = "libc++";
				CLANG_ENABLE_MODULES = YES;
				CLANG_ENABLE_OBJC_ARC = YES;
				CLANG_ENABLE_OBJC_WEAK = YES;
				CLANG_WARN_BLOCK_CAPTURE_AUTORELEASING = YES;
				CLANG_WARN_BOOL_CONVERSION = YES;
				CLANG_WARN_COMMA = YES;
				CLANG_WARN_CONSTANT_CONVERSION = YES;
				CLANG_WARN_DEPRECATED_OBJC_IMPLEMENTATIONS = YES;
				CLANG_WARN_DIRECT_OBJC_ISA_USAGE = YES_ERROR;
				CLANG_WARN_DOCUMENTATION_COMMENTS = YES;
				CLANG_WARN_EMPTY_BODY = YES;
				CLANG_WARN_ENUM_CONVERSION = YES;
				CLANG_WARN_INFINITE_RECURSION = YES;
				CLANG_WARN_INT_CONVERSION = YES;
				CLANG_WARN_NON_LITERAL_NULL_CONVERSION = YES;
				CLANG_WARN_OBJC_IMPLICIT_RETAIN_SELF = YES;
				CLANG_WARN_OBJC_LITERAL_CONVERSION = YES;
				CLANG_WARN_OBJC_ROOT_CLASS = YES_ERROR;
				CLANG_WARN_QUOTED_INCLUDE_IN_FRAMEWORK_HEADER = YES;
				CLANG_WARN_RANGE_LOOP_ANALYSIS = YES;
				CLANG_WARN_STRICT_PROTOTYPES = YES;
				CLANG_WARN_SUSPICIOUS_MOVE = YES;
				CLANG_WARN_UNGUARDED_AVAILABILITY = YES_AGGRESSIVE;
				CLANG_WARN_UNREACHABLE_CODE = YES;
				CLANG_WARN__DUPLICATE_METHOD_MATCH = YES;
				COPY_PHASE_STRIP = NO;
				DEBUG_INFORMATION_FORMAT = dwarf;
				ENABLE_STRICT_OBJC_MSGSEND = YES;
				ENABLE_TESTABILITY = YES;
				GCC_C_LANGUAGE_STANDARD = gnu11;
				GCC_DYNAMIC_NO_PIC = NO;
				GCC_NO_COMMON_BLOCKS = YES;
				GCC_OPTIMIZATION_LEVEL = 0;
				GCC_PREPROCESSOR_DEFINITIONS = (
					"DEBUG=1",
					"$(inherited)",
				);
				GCC_WARN_64_TO_32_BIT_CONVERSION = YES;
				GCC_WARN_ABOUT_RETURN_TYPE = YES_ERROR;
				GCC_WARN_UNDECLARED_SELECTOR = YES;
				GCC_WARN_UNINITIALIZED_AUTOS = YES_AGGRESSIVE;
				GCC_WARN_UNUSED_FUNCTION = YES;
				GCC_WARN_UNUSED_VARIABLE = YES;
				IPHONEOS_DEPLOYMENT_TARGET = 13.0;
				MTL_ENABLE_DEBUG_INFO = INCLUDE_SOURCE;
				MTL_FAST_MATH = YES;
				ONLY_ACTIVE_ARCH = YES;
				SDKROOT = iphoneos;
				SWIFT_ACTIVE_COMPILATION_CONDITIONS = DEBUG;
				SWIFT_OPTIMIZATION_LEVEL = "-Onone";
			};
			name = Debug;
		};
		FB8BF3A726D67CE30091CC58 /* Release */ = {
			isa = XCBuildConfiguration;
			buildSettings = {
				ALWAYS_SEARCH_USER_PATHS = NO;
				CLANG_ANALYZER_NONNULL = YES;
				CLANG_ANALYZER_NUMBER_OBJECT_CONVERSION = YES_AGGRESSIVE;
				CLANG_CXX_LANGUAGE_STANDARD = "gnu++14";
				CLANG_CXX_LIBRARY = "libc++";
				CLANG_ENABLE_MODULES = YES;
				CLANG_ENABLE_OBJC_ARC = YES;
				CLANG_ENABLE_OBJC_WEAK = YES;
				CLANG_WARN_BLOCK_CAPTURE_AUTORELEASING = YES;
				CLANG_WARN_BOOL_CONVERSION = YES;
				CLANG_WARN_COMMA = YES;
				CLANG_WARN_CONSTANT_CONVERSION = YES;
				CLANG_WARN_DEPRECATED_OBJC_IMPLEMENTATIONS = YES;
				CLANG_WARN_DIRECT_OBJC_ISA_USAGE = YES_ERROR;
				CLANG_WARN_DOCUMENTATION_COMMENTS = YES;
				CLANG_WARN_EMPTY_BODY = YES;
				CLANG_WARN_ENUM_CONVERSION = YES;
				CLANG_WARN_INFINITE_RECURSION = YES;
				CLANG_WARN_INT_CONVERSION = YES;
				CLANG_WARN_NON_LITERAL_NULL_CONVERSION = YES;
				CLANG_WARN_OBJC_IMPLICIT_RETAIN_SELF = YES;
				CLANG_WARN_OBJC_LITERAL_CONVERSION = YES;
				CLANG_WARN_OBJC_ROOT_CLASS = YES_ERROR;
				CLANG_WARN_QUOTED_INCLUDE_IN_FRAMEWORK_HEADER = YES;
				CLANG_WARN_RANGE_LOOP_ANALYSIS = YES;
				CLANG_WARN_STRICT_PROTOTYPES = YES;
				CLANG_WARN_SUSPICIOUS_MOVE = YES;
				CLANG_WARN_UNGUARDED_AVAILABILITY = YES_AGGRESSIVE;
				CLANG_WARN_UNREACHABLE_CODE = YES;
				CLANG_WARN__DUPLICATE_METHOD_MATCH = YES;
				COPY_PHASE_STRIP = NO;
				DEBUG_INFORMATION_FORMAT = "dwarf-with-dsym";
				ENABLE_NS_ASSERTIONS = NO;
				ENABLE_STRICT_OBJC_MSGSEND = YES;
				GCC_C_LANGUAGE_STANDARD = gnu11;
				GCC_NO_COMMON_BLOCKS = YES;
				GCC_WARN_64_TO_32_BIT_CONVERSION = YES;
				GCC_WARN_ABOUT_RETURN_TYPE = YES_ERROR;
				GCC_WARN_UNDECLARED_SELECTOR = YES;
				GCC_WARN_UNINITIALIZED_AUTOS = YES_AGGRESSIVE;
				GCC_WARN_UNUSED_FUNCTION = YES;
				GCC_WARN_UNUSED_VARIABLE = YES;
				IPHONEOS_DEPLOYMENT_TARGET = 13.0;
				MTL_ENABLE_DEBUG_INFO = NO;
				MTL_FAST_MATH = YES;
				SDKROOT = iphoneos;
				SWIFT_COMPILATION_MODE = wholemodule;
				SWIFT_OPTIMIZATION_LEVEL = "-O";
				VALIDATE_PRODUCT = YES;
			};
			name = Release;
		};
		FB8BF3A926D67CE30091CC58 /* Debug */ = {
			isa = XCBuildConfiguration;
			buildSettings = {
				ASSETCATALOG_COMPILER_APPICON_NAME = AppIcon;
				ASSETCATALOG_COMPILER_GLOBAL_ACCENT_COLOR_NAME = AccentColor;
				CODE_SIGN_STYLE = Automatic;
				DEVELOPMENT_TEAM = BG5DA8S34C;
				INFOPLIST_FILE = AccountBook/Info.plist;
				LD_RUNPATH_SEARCH_PATHS = (
					"$(inherited)",
					"@executable_path/Frameworks",
				);
				PRODUCT_BUNDLE_IDENTIFIER = hoju.AccountBook;
				PRODUCT_NAME = "$(TARGET_NAME)";
				SWIFT_VERSION = 5.0;
				TARGETED_DEVICE_FAMILY = "1,2";
			};
			name = Debug;
		};
		FB8BF3AA26D67CE30091CC58 /* Release */ = {
			isa = XCBuildConfiguration;
			buildSettings = {
				ASSETCATALOG_COMPILER_APPICON_NAME = AppIcon;
				ASSETCATALOG_COMPILER_GLOBAL_ACCENT_COLOR_NAME = AccentColor;
				CODE_SIGN_STYLE = Automatic;
				DEVELOPMENT_TEAM = BG5DA8S34C;
				INFOPLIST_FILE = AccountBook/Info.plist;
				LD_RUNPATH_SEARCH_PATHS = (
					"$(inherited)",
					"@executable_path/Frameworks",
				);
				PRODUCT_BUNDLE_IDENTIFIER = hoju.AccountBook;
				PRODUCT_NAME = "$(TARGET_NAME)";
				SWIFT_VERSION = 5.0;
				TARGETED_DEVICE_FAMILY = "1,2";
			};
			name = Release;
		};
		FB8BF3AC26D67CE30091CC58 /* Debug */ = {
			isa = XCBuildConfiguration;
			buildSettings = {
				ALWAYS_EMBED_SWIFT_STANDARD_LIBRARIES = YES;
				BUNDLE_LOADER = "$(TEST_HOST)";
				CODE_SIGN_STYLE = Automatic;
				DEVELOPMENT_TEAM = BG5DA8S34C;
				INFOPLIST_FILE = AccountBookTests/Info.plist;
				IPHONEOS_DEPLOYMENT_TARGET = 14.5;
				LD_RUNPATH_SEARCH_PATHS = (
					"$(inherited)",
					"@executable_path/Frameworks",
					"@loader_path/Frameworks",
				);
				PRODUCT_BUNDLE_IDENTIFIER = hoju.AccountBookTests;
				PRODUCT_NAME = "$(TARGET_NAME)";
				SWIFT_VERSION = 5.0;
				TARGETED_DEVICE_FAMILY = "1,2";
				TEST_HOST = "$(BUILT_PRODUCTS_DIR)/AccountBook.app/AccountBook";
			};
			name = Debug;
		};
		FB8BF3AD26D67CE30091CC58 /* Release */ = {
			isa = XCBuildConfiguration;
			buildSettings = {
				ALWAYS_EMBED_SWIFT_STANDARD_LIBRARIES = YES;
				BUNDLE_LOADER = "$(TEST_HOST)";
				CODE_SIGN_STYLE = Automatic;
				DEVELOPMENT_TEAM = BG5DA8S34C;
				INFOPLIST_FILE = AccountBookTests/Info.plist;
				IPHONEOS_DEPLOYMENT_TARGET = 14.5;
				LD_RUNPATH_SEARCH_PATHS = (
					"$(inherited)",
					"@executable_path/Frameworks",
					"@loader_path/Frameworks",
				);
				PRODUCT_BUNDLE_IDENTIFIER = hoju.AccountBookTests;
				PRODUCT_NAME = "$(TARGET_NAME)";
				SWIFT_VERSION = 5.0;
				TARGETED_DEVICE_FAMILY = "1,2";
				TEST_HOST = "$(BUILT_PRODUCTS_DIR)/AccountBook.app/AccountBook";
			};
			name = Release;
		};
		FB8BF3AF26D67CE30091CC58 /* Debug */ = {
			isa = XCBuildConfiguration;
			buildSettings = {
				ALWAYS_EMBED_SWIFT_STANDARD_LIBRARIES = YES;
				CODE_SIGN_STYLE = Automatic;
				DEVELOPMENT_TEAM = BG5DA8S34C;
				INFOPLIST_FILE = AccountBookUITests/Info.plist;
				LD_RUNPATH_SEARCH_PATHS = (
					"$(inherited)",
					"@executable_path/Frameworks",
					"@loader_path/Frameworks",
				);
				PRODUCT_BUNDLE_IDENTIFIER = hoju.AccountBookUITests;
				PRODUCT_NAME = "$(TARGET_NAME)";
				SWIFT_VERSION = 5.0;
				TARGETED_DEVICE_FAMILY = "1,2";
				TEST_TARGET_NAME = AccountBook;
			};
			name = Debug;
		};
		FB8BF3B026D67CE30091CC58 /* Release */ = {
			isa = XCBuildConfiguration;
			buildSettings = {
				ALWAYS_EMBED_SWIFT_STANDARD_LIBRARIES = YES;
				CODE_SIGN_STYLE = Automatic;
				DEVELOPMENT_TEAM = BG5DA8S34C;
				INFOPLIST_FILE = AccountBookUITests/Info.plist;
				LD_RUNPATH_SEARCH_PATHS = (
					"$(inherited)",
					"@executable_path/Frameworks",
					"@loader_path/Frameworks",
				);
				PRODUCT_BUNDLE_IDENTIFIER = hoju.AccountBookUITests;
				PRODUCT_NAME = "$(TARGET_NAME)";
				SWIFT_VERSION = 5.0;
				TARGETED_DEVICE_FAMILY = "1,2";
				TEST_TARGET_NAME = AccountBook;
			};
			name = Release;
		};
/* End XCBuildConfiguration section */

/* Begin XCConfigurationList section */
		FB8BF37626D67CDE0091CC58 /* Build configuration list for PBXProject "AccountBook" */ = {
			isa = XCConfigurationList;
			buildConfigurations = (
				FB8BF3A626D67CE30091CC58 /* Debug */,
				FB8BF3A726D67CE30091CC58 /* Release */,
			);
			defaultConfigurationIsVisible = 0;
			defaultConfigurationName = Release;
		};
		FB8BF3A826D67CE30091CC58 /* Build configuration list for PBXNativeTarget "AccountBook" */ = {
			isa = XCConfigurationList;
			buildConfigurations = (
				FB8BF3A926D67CE30091CC58 /* Debug */,
				FB8BF3AA26D67CE30091CC58 /* Release */,
			);
			defaultConfigurationIsVisible = 0;
			defaultConfigurationName = Release;
		};
		FB8BF3AB26D67CE30091CC58 /* Build configuration list for PBXNativeTarget "AccountBookTests" */ = {
			isa = XCConfigurationList;
			buildConfigurations = (
				FB8BF3AC26D67CE30091CC58 /* Debug */,
				FB8BF3AD26D67CE30091CC58 /* Release */,
			);
			defaultConfigurationIsVisible = 0;
			defaultConfigurationName = Release;
		};
		FB8BF3AE26D67CE30091CC58 /* Build configuration list for PBXNativeTarget "AccountBookUITests" */ = {
			isa = XCConfigurationList;
			buildConfigurations = (
				FB8BF3AF26D67CE30091CC58 /* Debug */,
				FB8BF3B026D67CE30091CC58 /* Release */,
			);
			defaultConfigurationIsVisible = 0;
			defaultConfigurationName = Release;
		};
/* End XCConfigurationList section */

/* Begin XCRemoteSwiftPackageReference section */
		FB41430626DAA27E003C6468 /* XCRemoteSwiftPackageReference "firebase-ios-sdk" */ = {
			isa = XCRemoteSwiftPackageReference;
			repositoryURL = "https://github.com/firebase/firebase-ios-sdk.git";
			requirement = {
				kind = exactVersion;
				version = 8.6.1;
			};
		};
		FB8BF3BB26D92B9E0091CC58 /* XCRemoteSwiftPackageReference "Charts" */ = {
			isa = XCRemoteSwiftPackageReference;
			repositoryURL = "https://github.com/danielgindi/Charts.git";
			requirement = {
				kind = exactVersion;
				version = 4.0.1;
			};
		};
		FBD38C0726DAB1EE00E9365F /* XCRemoteSwiftPackageReference "GoogleSignIn-iOS" */ = {
			isa = XCRemoteSwiftPackageReference;
			repositoryURL = "https://github.com/google/GoogleSignIn-iOS.git";
			requirement = {
				kind = exactVersion;
				version = 6.0.2;
			};
		};
/* End XCRemoteSwiftPackageReference section */

/* Begin XCSwiftPackageProductDependency section */
		FB41430726DAA27E003C6468 /* FirebaseAnalytics */ = {
			isa = XCSwiftPackageProductDependency;
			package = FB41430626DAA27E003C6468 /* XCRemoteSwiftPackageReference "firebase-ios-sdk" */;
			productName = FirebaseAnalytics;
		};
		FB41430926DAA27E003C6468 /* FirebaseCrashlytics */ = {
			isa = XCSwiftPackageProductDependency;
			package = FB41430626DAA27E003C6468 /* XCRemoteSwiftPackageReference "firebase-ios-sdk" */;
			productName = FirebaseCrashlytics;
		};
		FB41430B26DAA27E003C6468 /* FirebaseAuth */ = {
			isa = XCSwiftPackageProductDependency;
			package = FB41430626DAA27E003C6468 /* XCRemoteSwiftPackageReference "firebase-ios-sdk" */;
			productName = FirebaseAuth;
		};
		FB41430D26DAA27E003C6468 /* FirebaseFirestore */ = {
			isa = XCSwiftPackageProductDependency;
			package = FB41430626DAA27E003C6468 /* XCRemoteSwiftPackageReference "firebase-ios-sdk" */;
			productName = FirebaseFirestore;
		};
		FB8BF3BC26D92B9E0091CC58 /* Charts */ = {
			isa = XCSwiftPackageProductDependency;
			package = FB8BF3BB26D92B9E0091CC58 /* XCRemoteSwiftPackageReference "Charts" */;
			productName = Charts;
		};
		FBD38C0826DAB1EF00E9365F /* GoogleSignIn */ = {
			isa = XCSwiftPackageProductDependency;
			package = FBD38C0726DAB1EE00E9365F /* XCRemoteSwiftPackageReference "GoogleSignIn-iOS" */;
			productName = GoogleSignIn;
		};
/* End XCSwiftPackageProductDependency section */
	};
	rootObject = FB8BF37326D67CDE0091CC58 /* Project object */;
}
