// !$*UTF8*$!
{
	archiveVersion = 1;
	classes = {
	};
	objectVersion = 52;
	objects = {

/* Begin PBXBuildFile section */
		FB3A9A9826FB55C700DA7B26 /* ListSection.swift in Sources */ = {isa = PBXBuildFile; fileRef = FB3A9A9726FB55C700DA7B26 /* ListSection.swift */; };
		FB3A9A9C26FB57C100DA7B26 /* ListAccountCellViewModel.swift in Sources */ = {isa = PBXBuildFile; fileRef = FB3A9A9B26FB57C100DA7B26 /* ListAccountCellViewModel.swift */; };
		FB4142F226DA9716003C6468 /* ProfileViewController.swift in Sources */ = {isa = PBXBuildFile; fileRef = FB4142F026DA9716003C6468 /* ProfileViewController.swift */; };
		FB4142F326DA9716003C6468 /* ProfileViewController.xib in Resources */ = {isa = PBXBuildFile; fileRef = FB4142F126DA9716003C6468 /* ProfileViewController.xib */; };
		FB4142F526DA9721003C6468 /* ProfileViewModel.swift in Sources */ = {isa = PBXBuildFile; fileRef = FB4142F426DA9721003C6468 /* ProfileViewModel.swift */; };
		FB4142F926DA97B2003C6468 /* ListViewController.swift in Sources */ = {isa = PBXBuildFile; fileRef = FB4142F726DA97B2003C6468 /* ListViewController.swift */; };
		FB4142FA26DA97B2003C6468 /* ListViewController.xib in Resources */ = {isa = PBXBuildFile; fileRef = FB4142F826DA97B2003C6468 /* ListViewController.xib */; };
		FB4142FC26DA97BD003C6468 /* ListViewModel.swift in Sources */ = {isa = PBXBuildFile; fileRef = FB4142FB26DA97BD003C6468 /* ListViewModel.swift */; };
		FB41430326DA9842003C6468 /* SettingViewModel.swift in Sources */ = {isa = PBXBuildFile; fileRef = FB41430226DA9842003C6468 /* SettingViewModel.swift */; };
		FB41430526DA9C79003C6468 /* GoogleService-Info.plist in Resources */ = {isa = PBXBuildFile; fileRef = FB41430426DA9C79003C6468 /* GoogleService-Info.plist */; };
		FB41430826DAA27E003C6468 /* FirebaseAnalytics in Frameworks */ = {isa = PBXBuildFile; productRef = FB41430726DAA27E003C6468 /* FirebaseAnalytics */; };
		FB41430A26DAA27E003C6468 /* FirebaseCrashlytics in Frameworks */ = {isa = PBXBuildFile; productRef = FB41430926DAA27E003C6468 /* FirebaseCrashlytics */; };
		FB41430C26DAA27E003C6468 /* FirebaseAuth in Frameworks */ = {isa = PBXBuildFile; productRef = FB41430B26DAA27E003C6468 /* FirebaseAuth */; };
		FB41430E26DAA27E003C6468 /* FirebaseFirestore in Frameworks */ = {isa = PBXBuildFile; productRef = FB41430D26DAA27E003C6468 /* FirebaseFirestore */; };
		FB5BF04B2704BBEB00E4F457 /* AccountDetailSelectingViewModel.swift in Sources */ = {isa = PBXBuildFile; fileRef = FB5BF04A2704BBEB00E4F457 /* AccountDetailSelectingViewModel.swift */; };
		FB5BF04E2704BC0400E4F457 /* AccountDetailSelectingViewController.swift in Sources */ = {isa = PBXBuildFile; fileRef = FB5BF04C2704BC0400E4F457 /* AccountDetailSelectingViewController.swift */; };
		FB5BF04F2704BC0400E4F457 /* AccountDetailSelectingViewController.xib in Resources */ = {isa = PBXBuildFile; fileRef = FB5BF04D2704BC0400E4F457 /* AccountDetailSelectingViewController.xib */; };
		FB5BF0512704BE7A00E4F457 /* AccountDetailSelectingSection.swift in Sources */ = {isa = PBXBuildFile; fileRef = FB5BF0502704BE7A00E4F457 /* AccountDetailSelectingSection.swift */; };
		FB5BF05E2704CD4C00E4F457 /* AccountDetailSelectingCellViewModel.swift in Sources */ = {isa = PBXBuildFile; fileRef = FB5BF05D2704CD4C00E4F457 /* AccountDetailSelectingCellViewModel.swift */; };
		FB5BF0612704CDF300E4F457 /* AccountDetailSelectingCell.swift in Sources */ = {isa = PBXBuildFile; fileRef = FB5BF05F2704CDF300E4F457 /* AccountDetailSelectingCell.swift */; };
		FB5BF0622704CDF300E4F457 /* AccountDetailSelectingCell.xib in Resources */ = {isa = PBXBuildFile; fileRef = FB5BF0602704CDF300E4F457 /* AccountDetailSelectingCell.xib */; };
		FB6ACFA826DD064C00F3099F /* Images.xcassets in Resources */ = {isa = PBXBuildFile; fileRef = FB6ACFA726DD064C00F3099F /* Images.xcassets */; };
		FB6ACFAD26DD160E00F3099F /* IntroCreatingGroupViewController.swift in Sources */ = {isa = PBXBuildFile; fileRef = FB6ACFAB26DD160E00F3099F /* IntroCreatingGroupViewController.swift */; };
		FB6ACFAE26DD160E00F3099F /* IntroCreatingGroupViewController.xib in Resources */ = {isa = PBXBuildFile; fileRef = FB6ACFAC26DD160E00F3099F /* IntroCreatingGroupViewController.xib */; };
		FB6ACFB226DD177000F3099F /* EdittingGroupViewController.swift in Sources */ = {isa = PBXBuildFile; fileRef = FB6ACFB026DD177000F3099F /* EdittingGroupViewController.swift */; };
		FB6ACFB326DD177000F3099F /* EdittingGroupViewController.xib in Resources */ = {isa = PBXBuildFile; fileRef = FB6ACFB126DD177000F3099F /* EdittingGroupViewController.xib */; };
		FB6ACFB626DFC6EE00F3099F /* TabBarViewModel.swift in Sources */ = {isa = PBXBuildFile; fileRef = FB6ACFB526DFC6EE00F3099F /* TabBarViewModel.swift */; };
		FB6ACFB926DFC89000F3099F /* ABAPI.swift in Sources */ = {isa = PBXBuildFile; fileRef = FB6ACFB826DFC89000F3099F /* ABAPI.swift */; };
		FB6ACFBB26E0D36800F3099F /* ViewController.swift in Sources */ = {isa = PBXBuildFile; fileRef = FB6ACFBA26E0D36700F3099F /* ViewController.swift */; };
		FB6DD83226DBF7F700CAE900 /* FacebookLogin in Frameworks */ = {isa = PBXBuildFile; productRef = FB6DD83126DBF7F700CAE900 /* FacebookLogin */; };
		FB800814272059EB00DDD815 /* ListInfoDatePickerCellViewModel.swift in Sources */ = {isa = PBXBuildFile; fileRef = FB800813272059EB00DDD815 /* ListInfoDatePickerCellViewModel.swift */; };
		FB80081B27205A8E00DDD815 /* ListInfoSummaryCellViewModel.swift in Sources */ = {isa = PBXBuildFile; fileRef = FB80081A27205A8E00DDD815 /* ListInfoSummaryCellViewModel.swift */; };
		FB80082A2722E25B00DDD815 /* ListInfoMultipleDatePickerCellViewModel.swift in Sources */ = {isa = PBXBuildFile; fileRef = FB8008292722E25B00DDD815 /* ListInfoMultipleDatePickerCellViewModel.swift */; };
		FB80082D2722E2A200DDD815 /* ListInfoSummaryCell.swift in Sources */ = {isa = PBXBuildFile; fileRef = FB80082B2722E2A200DDD815 /* ListInfoSummaryCell.swift */; };
		FB80082E2722E2A200DDD815 /* ListInfoSummaryCell.xib in Resources */ = {isa = PBXBuildFile; fileRef = FB80082C2722E2A200DDD815 /* ListInfoSummaryCell.xib */; };
		FB8008312722E44100DDD815 /* ListInfoMultipleDatePickerCell.swift in Sources */ = {isa = PBXBuildFile; fileRef = FB80082F2722E44100DDD815 /* ListInfoMultipleDatePickerCell.swift */; };
		FB8008322722E44100DDD815 /* ListInfoMultipleDatePickerCell.xib in Resources */ = {isa = PBXBuildFile; fileRef = FB8008302722E44100DDD815 /* ListInfoMultipleDatePickerCell.xib */; };
		FB8008352722E6D900DDD815 /* ListInfoDatePickerCell.swift in Sources */ = {isa = PBXBuildFile; fileRef = FB8008332722E6D900DDD815 /* ListInfoDatePickerCell.swift */; };
		FB8008362722E6D900DDD815 /* ListInfoDatePickerCell.xib in Resources */ = {isa = PBXBuildFile; fileRef = FB8008342722E6D900DDD815 /* ListInfoDatePickerCell.xib */; };
		FB86871026F84CFC006E4FC5 /* Group.swift in Sources */ = {isa = PBXBuildFile; fileRef = FB86870F26F84CFC006E4FC5 /* Group.swift */; };
		FB86871226F8CE02006E4FC5 /* ABProvider.swift in Sources */ = {isa = PBXBuildFile; fileRef = FB86871126F8CE02006E4FC5 /* ABProvider.swift */; };
		FB8BF37F26D67CDE0091CC58 /* AppDelegate.swift in Sources */ = {isa = PBXBuildFile; fileRef = FB8BF37E26D67CDE0091CC58 /* AppDelegate.swift */; };
		FB8BF38B26D67CE20091CC58 /* Assets.xcassets in Resources */ = {isa = PBXBuildFile; fileRef = FB8BF38A26D67CE20091CC58 /* Assets.xcassets */; };
		FB8BF38E26D67CE20091CC58 /* LaunchScreen.storyboard in Resources */ = {isa = PBXBuildFile; fileRef = FB8BF38C26D67CE20091CC58 /* LaunchScreen.storyboard */; };
		FB8BF39926D67CE30091CC58 /* AccountBookTests.swift in Sources */ = {isa = PBXBuildFile; fileRef = FB8BF39826D67CE30091CC58 /* AccountBookTests.swift */; };
		FB8BF3A426D67CE30091CC58 /* AccountBookUITests.swift in Sources */ = {isa = PBXBuildFile; fileRef = FB8BF3A326D67CE30091CC58 /* AccountBookUITests.swift */; };
		FB8BF3B226D681320091CC58 /* TabBarController.swift in Sources */ = {isa = PBXBuildFile; fileRef = FB8BF3B126D681320091CC58 /* TabBarController.swift */; };
		FB8BF3B726D685710091CC58 /* ChartViewController.swift in Sources */ = {isa = PBXBuildFile; fileRef = FB8BF3B526D685710091CC58 /* ChartViewController.swift */; };
		FB8BF3B826D685710091CC58 /* ChartViewController.xib in Resources */ = {isa = PBXBuildFile; fileRef = FB8BF3B626D685710091CC58 /* ChartViewController.xib */; };
		FB8BF3BA26D696740091CC58 /* ChartViewModel.swift in Sources */ = {isa = PBXBuildFile; fileRef = FB8BF3B926D696740091CC58 /* ChartViewModel.swift */; };
		FB8BF3BD26D92B9E0091CC58 /* Charts in Frameworks */ = {isa = PBXBuildFile; productRef = FB8BF3BC26D92B9E0091CC58 /* Charts */; };
		FB8BF3C126D92D430091CC58 /* PieChartViewController.swift in Sources */ = {isa = PBXBuildFile; fileRef = FB8BF3BF26D92D430091CC58 /* PieChartViewController.swift */; };
		FB8BF3C226D92D430091CC58 /* PieChartViewController.xib in Resources */ = {isa = PBXBuildFile; fileRef = FB8BF3C026D92D430091CC58 /* PieChartViewController.xib */; };
		FB8BF3C426D92D710091CC58 /* PieChartViewModel.swift in Sources */ = {isa = PBXBuildFile; fileRef = FB8BF3C326D92D710091CC58 /* PieChartViewModel.swift */; };
		FB8BF3C726D931530091CC58 /* UIView+Design.swift in Sources */ = {isa = PBXBuildFile; fileRef = FB8BF3C626D931530091CC58 /* UIView+Design.swift */; };
		FB8BF3CB26DA76140091CC58 /* BarChartViewController.swift in Sources */ = {isa = PBXBuildFile; fileRef = FB8BF3C926DA76140091CC58 /* BarChartViewController.swift */; };
		FB8BF3CC26DA76140091CC58 /* BarChartViewController.xib in Resources */ = {isa = PBXBuildFile; fileRef = FB8BF3CA26DA76140091CC58 /* BarChartViewController.xib */; };
		FB8BF3CE26DA763B0091CC58 /* BarChartViewModel.swift in Sources */ = {isa = PBXBuildFile; fileRef = FB8BF3CD26DA763B0091CC58 /* BarChartViewModel.swift */; };
		FB8BF3D226DA79F80091CC58 /* BarChartCell.swift in Sources */ = {isa = PBXBuildFile; fileRef = FB8BF3D026DA79F80091CC58 /* BarChartCell.swift */; };
		FB8BF3D326DA79F80091CC58 /* BarChartCell.xib in Resources */ = {isa = PBXBuildFile; fileRef = FB8BF3D126DA79F80091CC58 /* BarChartCell.xib */; };
		FB8BF3D526DA7A180091CC58 /* BarChartCellViewModel.swift in Sources */ = {isa = PBXBuildFile; fileRef = FB8BF3D426DA7A180091CC58 /* BarChartCellViewModel.swift */; };
		FB8BF3D926DA7EA90091CC58 /* MonthlyChartViewController.swift in Sources */ = {isa = PBXBuildFile; fileRef = FB8BF3D726DA7EA90091CC58 /* MonthlyChartViewController.swift */; };
		FB8BF3DA26DA7EA90091CC58 /* MonthlyChartViewController.xib in Resources */ = {isa = PBXBuildFile; fileRef = FB8BF3D826DA7EA90091CC58 /* MonthlyChartViewController.xib */; };
		FB8BF3DC26DA7EB60091CC58 /* MonthlyChartViewModel.swift in Sources */ = {isa = PBXBuildFile; fileRef = FB8BF3DB26DA7EB60091CC58 /* MonthlyChartViewModel.swift */; };
		FB8BF3E026DA8E280091CC58 /* MonthlyChartCell.swift in Sources */ = {isa = PBXBuildFile; fileRef = FB8BF3DE26DA8E280091CC58 /* MonthlyChartCell.swift */; };
		FB8BF3E126DA8E280091CC58 /* MonthlyChartCell.xib in Resources */ = {isa = PBXBuildFile; fileRef = FB8BF3DF26DA8E280091CC58 /* MonthlyChartCell.xib */; };
		FB8BF3E326DA8E330091CC58 /* MonthlyChartCellViewModel.swift in Sources */ = {isa = PBXBuildFile; fileRef = FB8BF3E226DA8E330091CC58 /* MonthlyChartCellViewModel.swift */; };
		FBA26E3926E1FE4100969785 /* EdittingGroupViewModel.swift in Sources */ = {isa = PBXBuildFile; fileRef = FBA26E3826E1FE4000969785 /* EdittingGroupViewModel.swift */; };
		FBA26E3C26E1FE9600969785 /* GroupDocumentModel.swift in Sources */ = {isa = PBXBuildFile; fileRef = FBA26E3B26E1FE9600969785 /* GroupDocumentModel.swift */; };
		FBA26E3E26E4FB4600969785 /* UIViewController+Rx.swift in Sources */ = {isa = PBXBuildFile; fileRef = FBA26E3D26E4FB4600969785 /* UIViewController+Rx.swift */; };
		FBA26E4026E5034C00969785 /* IntroCreatingGroupViewModel.swift in Sources */ = {isa = PBXBuildFile; fileRef = FBA26E3F26E5034C00969785 /* IntroCreatingGroupViewModel.swift */; };
		FBA26E4226E5183E00969785 /* DatabaseError.swift in Sources */ = {isa = PBXBuildFile; fileRef = FBA26E4126E5183E00969785 /* DatabaseError.swift */; };
		FBA26E4526E51FFC00969785 /* ABUser.swift in Sources */ = {isa = PBXBuildFile; fileRef = FBA26E4426E51FFC00969785 /* ABUser.swift */; };
		FBA26E4926E619AB00969785 /* EdittingNameViewController.swift in Sources */ = {isa = PBXBuildFile; fileRef = FBA26E4726E619AB00969785 /* EdittingNameViewController.swift */; };
		FBA26E4A26E619AB00969785 /* EdittingNameViewController.xib in Resources */ = {isa = PBXBuildFile; fileRef = FBA26E4826E619AB00969785 /* EdittingNameViewController.xib */; };
		FBA26E4C26E619CD00969785 /* EdittingNameViewModel.swift in Sources */ = {isa = PBXBuildFile; fileRef = FBA26E4B26E619CD00969785 /* EdittingNameViewModel.swift */; };
		FBA26E4E26E62D5500969785 /* Int+Format.swift in Sources */ = {isa = PBXBuildFile; fileRef = FBA26E4D26E62D5500969785 /* Int+Format.swift */; };
		FBA26E5026E7A72E00969785 /* SignInViewModel.swift in Sources */ = {isa = PBXBuildFile; fileRef = FBA26E4F26E7A72E00969785 /* SignInViewModel.swift */; };
		FBC12AB22701D52C00EE698F /* AccountDetailViewModel.swift in Sources */ = {isa = PBXBuildFile; fileRef = FBC12AB12701D52C00EE698F /* AccountDetailViewModel.swift */; };
		FBC12AB42701D60A00EE698F /* TextFieldCellViewModel.swift in Sources */ = {isa = PBXBuildFile; fileRef = FBC12AB32701D60A00EE698F /* TextFieldCellViewModel.swift */; };
		FBC12AB62703222F00EE698F /* AccountDetailSection.swift in Sources */ = {isa = PBXBuildFile; fileRef = FBC12AB52703222F00EE698F /* AccountDetailSection.swift */; };
		FBC12ABA2703282D00EE698F /* AccountDetailSelectionCell.swift in Sources */ = {isa = PBXBuildFile; fileRef = FBC12AB82703282D00EE698F /* AccountDetailSelectionCell.swift */; };
		FBC12ABB2703282D00EE698F /* AccountDetailSelectionCell.xib in Resources */ = {isa = PBXBuildFile; fileRef = FBC12AB92703282D00EE698F /* AccountDetailSelectionCell.xib */; };
		FBC12ABD2703284200EE698F /* AccountDetailSelectionCellViewModel.swift in Sources */ = {isa = PBXBuildFile; fileRef = FBC12ABC2703284200EE698F /* AccountDetailSelectionCellViewModel.swift */; };
		FBC12AC52703365D00EE698F /* AccountDetailDateCell.swift in Sources */ = {isa = PBXBuildFile; fileRef = FBC12AC32703365D00EE698F /* AccountDetailDateCell.swift */; };
		FBC12AC62703365D00EE698F /* AccountDetailDateCell.xib in Resources */ = {isa = PBXBuildFile; fileRef = FBC12AC42703365D00EE698F /* AccountDetailDateCell.xib */; };
		FBC12AC92703405E00EE698F /* AccountDetailSegmentCellViewModel.swift in Sources */ = {isa = PBXBuildFile; fileRef = FBC12AC82703405E00EE698F /* AccountDetailSegmentCellViewModel.swift */; };
		FBC12ACC270340A000EE698F /* AccountDetailSegmentCell.swift in Sources */ = {isa = PBXBuildFile; fileRef = FBC12ACA270340A000EE698F /* AccountDetailSegmentCell.swift */; };
		FBC12ACD270340A000EE698F /* AccountDetailSegmentCell.xib in Resources */ = {isa = PBXBuildFile; fileRef = FBC12ACB270340A000EE698F /* AccountDetailSegmentCell.xib */; };
		FBC12ACF2703481E00EE698F /* AccountDetailDateCellViewModel.swift in Sources */ = {isa = PBXBuildFile; fileRef = FBC12ACE2703481D00EE698F /* AccountDetailDateCellViewModel.swift */; };
		FBD38C0926DAB1EF00E9365F /* GoogleSignIn in Frameworks */ = {isa = PBXBuildFile; productRef = FBD38C0826DAB1EF00E9365F /* GoogleSignIn */; };
		FBD38C0D26DAB2B500E9365F /* SignInViewController.swift in Sources */ = {isa = PBXBuildFile; fileRef = FBD38C0B26DAB2B500E9365F /* SignInViewController.swift */; };
		FBD38C0E26DAB2B500E9365F /* SignInViewController.xib in Resources */ = {isa = PBXBuildFile; fileRef = FBD38C0C26DAB2B500E9365F /* SignInViewController.xib */; };
		FBD38C1226DB595200E9365F /* ListAccountCell.swift in Sources */ = {isa = PBXBuildFile; fileRef = FBD38C1026DB595200E9365F /* ListAccountCell.swift */; };
		FBD38C1326DB595200E9365F /* ListAccountCell.xib in Resources */ = {isa = PBXBuildFile; fileRef = FBD38C1126DB595200E9365F /* ListAccountCell.xib */; };
		FBD38C2C26DB832900E9365F /* FirebaseFirestoreSwift-Beta in Frameworks */ = {isa = PBXBuildFile; productRef = FBD38C2B26DB832900E9365F /* FirebaseFirestoreSwift-Beta */; };
		FBD38C3026DB867A00E9365F /* AccountDetailViewController.swift in Sources */ = {isa = PBXBuildFile; fileRef = FBD38C2E26DB867A00E9365F /* AccountDetailViewController.swift */; };
		FBD38C3126DB867A00E9365F /* AccountDetailViewController.xib in Resources */ = {isa = PBXBuildFile; fileRef = FBD38C2F26DB867A00E9365F /* AccountDetailViewController.xib */; };
		FBD38C3526DB906D00E9365F /* TextFieldCell.swift in Sources */ = {isa = PBXBuildFile; fileRef = FBD38C3326DB906D00E9365F /* TextFieldCell.swift */; };
		FBD38C3626DB906D00E9365F /* TextFieldCell.xib in Resources */ = {isa = PBXBuildFile; fileRef = FBD38C3426DB906D00E9365F /* TextFieldCell.xib */; };
		FBD38C3E26DBBD2900E9365F /* RxSwift in Frameworks */ = {isa = PBXBuildFile; productRef = FBD38C3D26DBBD2900E9365F /* RxSwift */; };
		FBD38C4026DBBD2900E9365F /* RxRelay in Frameworks */ = {isa = PBXBuildFile; productRef = FBD38C3F26DBBD2900E9365F /* RxRelay */; };
		FBD38C4226DBBD2900E9365F /* RxCocoa in Frameworks */ = {isa = PBXBuildFile; productRef = FBD38C4126DBBD2900E9365F /* RxCocoa */; };
		FBD38C4426DBC04E00E9365F /* ViewModel.swift in Sources */ = {isa = PBXBuildFile; fileRef = FBD38C4326DBC04E00E9365F /* ViewModel.swift */; };
		FBD38C4626DBC4B400E9365F /* SettingSection.swift in Sources */ = {isa = PBXBuildFile; fileRef = FBD38C4526DBC4B400E9365F /* SettingSection.swift */; };
		FBD38C4926DBC4DD00E9365F /* RxDataSources in Frameworks */ = {isa = PBXBuildFile; productRef = FBD38C4826DBC4DD00E9365F /* RxDataSources */; };
		FBD38C4B26DBC4DD00E9365F /* Differentiator in Frameworks */ = {isa = PBXBuildFile; productRef = FBD38C4A26DBC4DD00E9365F /* Differentiator */; };
		FBD38C5726DBC88E00E9365F /* TableViewCell.swift in Sources */ = {isa = PBXBuildFile; fileRef = FBD38C5526DBC88E00E9365F /* TableViewCell.swift */; };
		FBD38C5826DBC88E00E9365F /* TableViewCell.xib in Resources */ = {isa = PBXBuildFile; fileRef = FBD38C5626DBC88E00E9365F /* TableViewCell.xib */; };
		FBD38C5A26DBCB3E00E9365F /* TableViewCellViewModel.swift in Sources */ = {isa = PBXBuildFile; fileRef = FBD38C5926DBCB3E00E9365F /* TableViewCellViewModel.swift */; };
		FBD38C5D26DBD5A300E9365F /* SettingViewController.swift in Sources */ = {isa = PBXBuildFile; fileRef = FBD38C5B26DBD5A300E9365F /* SettingViewController.swift */; };
		FBD38C5E26DBD5A300E9365F /* SettingViewController.xib in Resources */ = {isa = PBXBuildFile; fileRef = FBD38C5C26DBD5A300E9365F /* SettingViewController.xib */; };
/* End PBXBuildFile section */

/* Begin PBXContainerItemProxy section */
		FB8BF39526D67CE30091CC58 /* PBXContainerItemProxy */ = {
			isa = PBXContainerItemProxy;
			containerPortal = FB8BF37326D67CDE0091CC58 /* Project object */;
			proxyType = 1;
			remoteGlobalIDString = FB8BF37A26D67CDE0091CC58;
			remoteInfo = AccountBook;
		};
		FB8BF3A026D67CE30091CC58 /* PBXContainerItemProxy */ = {
			isa = PBXContainerItemProxy;
			containerPortal = FB8BF37326D67CDE0091CC58 /* Project object */;
			proxyType = 1;
			remoteGlobalIDString = FB8BF37A26D67CDE0091CC58;
			remoteInfo = AccountBook;
		};
/* End PBXContainerItemProxy section */

/* Begin PBXFileReference section */
		FB3A9A9726FB55C700DA7B26 /* ListSection.swift */ = {isa = PBXFileReference; lastKnownFileType = sourcecode.swift; path = ListSection.swift; sourceTree = "<group>"; };
		FB3A9A9B26FB57C100DA7B26 /* ListAccountCellViewModel.swift */ = {isa = PBXFileReference; lastKnownFileType = sourcecode.swift; path = ListAccountCellViewModel.swift; sourceTree = "<group>"; };
		FB4142F026DA9716003C6468 /* ProfileViewController.swift */ = {isa = PBXFileReference; lastKnownFileType = sourcecode.swift; path = ProfileViewController.swift; sourceTree = "<group>"; };
		FB4142F126DA9716003C6468 /* ProfileViewController.xib */ = {isa = PBXFileReference; lastKnownFileType = file.xib; path = ProfileViewController.xib; sourceTree = "<group>"; };
		FB4142F426DA9721003C6468 /* ProfileViewModel.swift */ = {isa = PBXFileReference; lastKnownFileType = sourcecode.swift; path = ProfileViewModel.swift; sourceTree = "<group>"; };
		FB4142F726DA97B2003C6468 /* ListViewController.swift */ = {isa = PBXFileReference; lastKnownFileType = sourcecode.swift; path = ListViewController.swift; sourceTree = "<group>"; };
		FB4142F826DA97B2003C6468 /* ListViewController.xib */ = {isa = PBXFileReference; lastKnownFileType = file.xib; path = ListViewController.xib; sourceTree = "<group>"; };
		FB4142FB26DA97BD003C6468 /* ListViewModel.swift */ = {isa = PBXFileReference; lastKnownFileType = sourcecode.swift; path = ListViewModel.swift; sourceTree = "<group>"; };
		FB41430226DA9842003C6468 /* SettingViewModel.swift */ = {isa = PBXFileReference; lastKnownFileType = sourcecode.swift; path = SettingViewModel.swift; sourceTree = "<group>"; };
		FB41430426DA9C79003C6468 /* GoogleService-Info.plist */ = {isa = PBXFileReference; fileEncoding = 4; lastKnownFileType = text.plist.xml; path = "GoogleService-Info.plist"; sourceTree = "<group>"; };
		FB5BF04A2704BBEB00E4F457 /* AccountDetailSelectingViewModel.swift */ = {isa = PBXFileReference; lastKnownFileType = sourcecode.swift; path = AccountDetailSelectingViewModel.swift; sourceTree = "<group>"; };
		FB5BF04C2704BC0400E4F457 /* AccountDetailSelectingViewController.swift */ = {isa = PBXFileReference; lastKnownFileType = sourcecode.swift; path = AccountDetailSelectingViewController.swift; sourceTree = "<group>"; };
		FB5BF04D2704BC0400E4F457 /* AccountDetailSelectingViewController.xib */ = {isa = PBXFileReference; lastKnownFileType = file.xib; path = AccountDetailSelectingViewController.xib; sourceTree = "<group>"; };
		FB5BF0502704BE7A00E4F457 /* AccountDetailSelectingSection.swift */ = {isa = PBXFileReference; lastKnownFileType = sourcecode.swift; path = AccountDetailSelectingSection.swift; sourceTree = "<group>"; };
		FB5BF05D2704CD4C00E4F457 /* AccountDetailSelectingCellViewModel.swift */ = {isa = PBXFileReference; lastKnownFileType = sourcecode.swift; path = AccountDetailSelectingCellViewModel.swift; sourceTree = "<group>"; };
		FB5BF05F2704CDF300E4F457 /* AccountDetailSelectingCell.swift */ = {isa = PBXFileReference; lastKnownFileType = sourcecode.swift; path = AccountDetailSelectingCell.swift; sourceTree = "<group>"; };
		FB5BF0602704CDF300E4F457 /* AccountDetailSelectingCell.xib */ = {isa = PBXFileReference; lastKnownFileType = file.xib; path = AccountDetailSelectingCell.xib; sourceTree = "<group>"; };
		FB6ACFA726DD064C00F3099F /* Images.xcassets */ = {isa = PBXFileReference; lastKnownFileType = folder.assetcatalog; path = Images.xcassets; sourceTree = "<group>"; };
		FB6ACFAB26DD160E00F3099F /* IntroCreatingGroupViewController.swift */ = {isa = PBXFileReference; lastKnownFileType = sourcecode.swift; path = IntroCreatingGroupViewController.swift; sourceTree = "<group>"; };
		FB6ACFAC26DD160E00F3099F /* IntroCreatingGroupViewController.xib */ = {isa = PBXFileReference; lastKnownFileType = file.xib; path = IntroCreatingGroupViewController.xib; sourceTree = "<group>"; };
		FB6ACFB026DD177000F3099F /* EdittingGroupViewController.swift */ = {isa = PBXFileReference; lastKnownFileType = sourcecode.swift; path = EdittingGroupViewController.swift; sourceTree = "<group>"; };
		FB6ACFB126DD177000F3099F /* EdittingGroupViewController.xib */ = {isa = PBXFileReference; lastKnownFileType = file.xib; path = EdittingGroupViewController.xib; sourceTree = "<group>"; };
		FB6ACFB526DFC6EE00F3099F /* TabBarViewModel.swift */ = {isa = PBXFileReference; lastKnownFileType = sourcecode.swift; path = TabBarViewModel.swift; sourceTree = "<group>"; };
		FB6ACFB826DFC89000F3099F /* ABAPI.swift */ = {isa = PBXFileReference; lastKnownFileType = sourcecode.swift; path = ABAPI.swift; sourceTree = "<group>"; };
		FB6ACFBA26E0D36700F3099F /* ViewController.swift */ = {isa = PBXFileReference; lastKnownFileType = sourcecode.swift; path = ViewController.swift; sourceTree = "<group>"; };
		FB800813272059EB00DDD815 /* ListInfoDatePickerCellViewModel.swift */ = {isa = PBXFileReference; lastKnownFileType = sourcecode.swift; path = ListInfoDatePickerCellViewModel.swift; sourceTree = "<group>"; };
		FB80081A27205A8E00DDD815 /* ListInfoSummaryCellViewModel.swift */ = {isa = PBXFileReference; lastKnownFileType = sourcecode.swift; path = ListInfoSummaryCellViewModel.swift; sourceTree = "<group>"; };
		FB8008292722E25B00DDD815 /* ListInfoMultipleDatePickerCellViewModel.swift */ = {isa = PBXFileReference; lastKnownFileType = sourcecode.swift; path = ListInfoMultipleDatePickerCellViewModel.swift; sourceTree = "<group>"; };
		FB80082B2722E2A200DDD815 /* ListInfoSummaryCell.swift */ = {isa = PBXFileReference; lastKnownFileType = sourcecode.swift; path = ListInfoSummaryCell.swift; sourceTree = "<group>"; };
		FB80082C2722E2A200DDD815 /* ListInfoSummaryCell.xib */ = {isa = PBXFileReference; lastKnownFileType = file.xib; path = ListInfoSummaryCell.xib; sourceTree = "<group>"; };
		FB80082F2722E44100DDD815 /* ListInfoMultipleDatePickerCell.swift */ = {isa = PBXFileReference; lastKnownFileType = sourcecode.swift; path = ListInfoMultipleDatePickerCell.swift; sourceTree = "<group>"; };
		FB8008302722E44100DDD815 /* ListInfoMultipleDatePickerCell.xib */ = {isa = PBXFileReference; lastKnownFileType = file.xib; path = ListInfoMultipleDatePickerCell.xib; sourceTree = "<group>"; };
		FB8008332722E6D900DDD815 /* ListInfoDatePickerCell.swift */ = {isa = PBXFileReference; lastKnownFileType = sourcecode.swift; path = ListInfoDatePickerCell.swift; sourceTree = "<group>"; };
		FB8008342722E6D900DDD815 /* ListInfoDatePickerCell.xib */ = {isa = PBXFileReference; lastKnownFileType = file.xib; path = ListInfoDatePickerCell.xib; sourceTree = "<group>"; };
		FB86870F26F84CFC006E4FC5 /* Group.swift */ = {isa = PBXFileReference; lastKnownFileType = sourcecode.swift; path = Group.swift; sourceTree = "<group>"; };
		FB86871126F8CE02006E4FC5 /* ABProvider.swift */ = {isa = PBXFileReference; lastKnownFileType = sourcecode.swift; path = ABProvider.swift; sourceTree = "<group>"; };
		FB8BF37B26D67CDE0091CC58 /* AccountBook.app */ = {isa = PBXFileReference; explicitFileType = wrapper.application; includeInIndex = 0; path = AccountBook.app; sourceTree = BUILT_PRODUCTS_DIR; };
		FB8BF37E26D67CDE0091CC58 /* AppDelegate.swift */ = {isa = PBXFileReference; lastKnownFileType = sourcecode.swift; path = AppDelegate.swift; sourceTree = "<group>"; };
		FB8BF38A26D67CE20091CC58 /* Assets.xcassets */ = {isa = PBXFileReference; lastKnownFileType = folder.assetcatalog; path = Assets.xcassets; sourceTree = "<group>"; };
		FB8BF38D26D67CE20091CC58 /* Base */ = {isa = PBXFileReference; lastKnownFileType = file.storyboard; name = Base; path = Base.lproj/LaunchScreen.storyboard; sourceTree = "<group>"; };
		FB8BF38F26D67CE20091CC58 /* Info.plist */ = {isa = PBXFileReference; lastKnownFileType = text.plist.xml; path = Info.plist; sourceTree = "<group>"; };
		FB8BF39426D67CE30091CC58 /* AccountBookTests.xctest */ = {isa = PBXFileReference; explicitFileType = wrapper.cfbundle; includeInIndex = 0; path = AccountBookTests.xctest; sourceTree = BUILT_PRODUCTS_DIR; };
		FB8BF39826D67CE30091CC58 /* AccountBookTests.swift */ = {isa = PBXFileReference; lastKnownFileType = sourcecode.swift; path = AccountBookTests.swift; sourceTree = "<group>"; };
		FB8BF39A26D67CE30091CC58 /* Info.plist */ = {isa = PBXFileReference; lastKnownFileType = text.plist.xml; path = Info.plist; sourceTree = "<group>"; };
		FB8BF39F26D67CE30091CC58 /* AccountBookUITests.xctest */ = {isa = PBXFileReference; explicitFileType = wrapper.cfbundle; includeInIndex = 0; path = AccountBookUITests.xctest; sourceTree = BUILT_PRODUCTS_DIR; };
		FB8BF3A326D67CE30091CC58 /* AccountBookUITests.swift */ = {isa = PBXFileReference; lastKnownFileType = sourcecode.swift; path = AccountBookUITests.swift; sourceTree = "<group>"; };
		FB8BF3A526D67CE30091CC58 /* Info.plist */ = {isa = PBXFileReference; lastKnownFileType = text.plist.xml; path = Info.plist; sourceTree = "<group>"; };
		FB8BF3B126D681320091CC58 /* TabBarController.swift */ = {isa = PBXFileReference; lastKnownFileType = sourcecode.swift; path = TabBarController.swift; sourceTree = "<group>"; };
		FB8BF3B526D685710091CC58 /* ChartViewController.swift */ = {isa = PBXFileReference; lastKnownFileType = sourcecode.swift; path = ChartViewController.swift; sourceTree = "<group>"; };
		FB8BF3B626D685710091CC58 /* ChartViewController.xib */ = {isa = PBXFileReference; lastKnownFileType = file.xib; path = ChartViewController.xib; sourceTree = "<group>"; };
		FB8BF3B926D696740091CC58 /* ChartViewModel.swift */ = {isa = PBXFileReference; lastKnownFileType = sourcecode.swift; path = ChartViewModel.swift; sourceTree = "<group>"; };
		FB8BF3BF26D92D430091CC58 /* PieChartViewController.swift */ = {isa = PBXFileReference; lastKnownFileType = sourcecode.swift; path = PieChartViewController.swift; sourceTree = "<group>"; };
		FB8BF3C026D92D430091CC58 /* PieChartViewController.xib */ = {isa = PBXFileReference; lastKnownFileType = file.xib; path = PieChartViewController.xib; sourceTree = "<group>"; };
		FB8BF3C326D92D710091CC58 /* PieChartViewModel.swift */ = {isa = PBXFileReference; lastKnownFileType = sourcecode.swift; path = PieChartViewModel.swift; sourceTree = "<group>"; };
		FB8BF3C626D931530091CC58 /* UIView+Design.swift */ = {isa = PBXFileReference; lastKnownFileType = sourcecode.swift; path = "UIView+Design.swift"; sourceTree = "<group>"; };
		FB8BF3C926DA76140091CC58 /* BarChartViewController.swift */ = {isa = PBXFileReference; lastKnownFileType = sourcecode.swift; path = BarChartViewController.swift; sourceTree = "<group>"; };
		FB8BF3CA26DA76140091CC58 /* BarChartViewController.xib */ = {isa = PBXFileReference; lastKnownFileType = file.xib; path = BarChartViewController.xib; sourceTree = "<group>"; };
		FB8BF3CD26DA763B0091CC58 /* BarChartViewModel.swift */ = {isa = PBXFileReference; lastKnownFileType = sourcecode.swift; path = BarChartViewModel.swift; sourceTree = "<group>"; };
		FB8BF3D026DA79F80091CC58 /* BarChartCell.swift */ = {isa = PBXFileReference; lastKnownFileType = sourcecode.swift; path = BarChartCell.swift; sourceTree = "<group>"; };
		FB8BF3D126DA79F80091CC58 /* BarChartCell.xib */ = {isa = PBXFileReference; lastKnownFileType = file.xib; path = BarChartCell.xib; sourceTree = "<group>"; };
		FB8BF3D426DA7A180091CC58 /* BarChartCellViewModel.swift */ = {isa = PBXFileReference; lastKnownFileType = sourcecode.swift; path = BarChartCellViewModel.swift; sourceTree = "<group>"; };
		FB8BF3D726DA7EA90091CC58 /* MonthlyChartViewController.swift */ = {isa = PBXFileReference; lastKnownFileType = sourcecode.swift; path = MonthlyChartViewController.swift; sourceTree = "<group>"; };
		FB8BF3D826DA7EA90091CC58 /* MonthlyChartViewController.xib */ = {isa = PBXFileReference; lastKnownFileType = file.xib; path = MonthlyChartViewController.xib; sourceTree = "<group>"; };
		FB8BF3DB26DA7EB60091CC58 /* MonthlyChartViewModel.swift */ = {isa = PBXFileReference; lastKnownFileType = sourcecode.swift; path = MonthlyChartViewModel.swift; sourceTree = "<group>"; };
		FB8BF3DE26DA8E280091CC58 /* MonthlyChartCell.swift */ = {isa = PBXFileReference; lastKnownFileType = sourcecode.swift; path = MonthlyChartCell.swift; sourceTree = "<group>"; };
		FB8BF3DF26DA8E280091CC58 /* MonthlyChartCell.xib */ = {isa = PBXFileReference; lastKnownFileType = file.xib; path = MonthlyChartCell.xib; sourceTree = "<group>"; };
		FB8BF3E226DA8E330091CC58 /* MonthlyChartCellViewModel.swift */ = {isa = PBXFileReference; lastKnownFileType = sourcecode.swift; path = MonthlyChartCellViewModel.swift; sourceTree = "<group>"; };
		FBA26E3826E1FE4000969785 /* EdittingGroupViewModel.swift */ = {isa = PBXFileReference; lastKnownFileType = sourcecode.swift; path = EdittingGroupViewModel.swift; sourceTree = "<group>"; };
		FBA26E3B26E1FE9600969785 /* GroupDocumentModel.swift */ = {isa = PBXFileReference; lastKnownFileType = sourcecode.swift; path = GroupDocumentModel.swift; sourceTree = "<group>"; };
		FBA26E3D26E4FB4600969785 /* UIViewController+Rx.swift */ = {isa = PBXFileReference; lastKnownFileType = sourcecode.swift; path = "UIViewController+Rx.swift"; sourceTree = "<group>"; };
		FBA26E3F26E5034C00969785 /* IntroCreatingGroupViewModel.swift */ = {isa = PBXFileReference; lastKnownFileType = sourcecode.swift; path = IntroCreatingGroupViewModel.swift; sourceTree = "<group>"; };
		FBA26E4126E5183E00969785 /* DatabaseError.swift */ = {isa = PBXFileReference; lastKnownFileType = sourcecode.swift; path = DatabaseError.swift; sourceTree = "<group>"; };
		FBA26E4426E51FFC00969785 /* ABUser.swift */ = {isa = PBXFileReference; lastKnownFileType = sourcecode.swift; path = ABUser.swift; sourceTree = "<group>"; };
		FBA26E4726E619AB00969785 /* EdittingNameViewController.swift */ = {isa = PBXFileReference; lastKnownFileType = sourcecode.swift; path = EdittingNameViewController.swift; sourceTree = "<group>"; };
		FBA26E4826E619AB00969785 /* EdittingNameViewController.xib */ = {isa = PBXFileReference; lastKnownFileType = file.xib; path = EdittingNameViewController.xib; sourceTree = "<group>"; };
		FBA26E4B26E619CD00969785 /* EdittingNameViewModel.swift */ = {isa = PBXFileReference; lastKnownFileType = sourcecode.swift; path = EdittingNameViewModel.swift; sourceTree = "<group>"; };
		FBA26E4D26E62D5500969785 /* Int+Format.swift */ = {isa = PBXFileReference; lastKnownFileType = sourcecode.swift; path = "Int+Format.swift"; sourceTree = "<group>"; };
		FBA26E4F26E7A72E00969785 /* SignInViewModel.swift */ = {isa = PBXFileReference; lastKnownFileType = sourcecode.swift; path = SignInViewModel.swift; sourceTree = "<group>"; };
		FBC12AB12701D52C00EE698F /* AccountDetailViewModel.swift */ = {isa = PBXFileReference; lastKnownFileType = sourcecode.swift; path = AccountDetailViewModel.swift; sourceTree = "<group>"; };
		FBC12AB32701D60A00EE698F /* TextFieldCellViewModel.swift */ = {isa = PBXFileReference; lastKnownFileType = sourcecode.swift; path = TextFieldCellViewModel.swift; sourceTree = "<group>"; };
		FBC12AB52703222F00EE698F /* AccountDetailSection.swift */ = {isa = PBXFileReference; lastKnownFileType = sourcecode.swift; path = AccountDetailSection.swift; sourceTree = "<group>"; };
		FBC12AB82703282D00EE698F /* AccountDetailSelectionCell.swift */ = {isa = PBXFileReference; lastKnownFileType = sourcecode.swift; path = AccountDetailSelectionCell.swift; sourceTree = "<group>"; };
		FBC12AB92703282D00EE698F /* AccountDetailSelectionCell.xib */ = {isa = PBXFileReference; lastKnownFileType = file.xib; path = AccountDetailSelectionCell.xib; sourceTree = "<group>"; };
		FBC12ABC2703284200EE698F /* AccountDetailSelectionCellViewModel.swift */ = {isa = PBXFileReference; lastKnownFileType = sourcecode.swift; path = AccountDetailSelectionCellViewModel.swift; sourceTree = "<group>"; };
		FBC12AC32703365D00EE698F /* AccountDetailDateCell.swift */ = {isa = PBXFileReference; lastKnownFileType = sourcecode.swift; path = AccountDetailDateCell.swift; sourceTree = "<group>"; };
		FBC12AC42703365D00EE698F /* AccountDetailDateCell.xib */ = {isa = PBXFileReference; lastKnownFileType = file.xib; path = AccountDetailDateCell.xib; sourceTree = "<group>"; };
		FBC12AC82703405E00EE698F /* AccountDetailSegmentCellViewModel.swift */ = {isa = PBXFileReference; lastKnownFileType = sourcecode.swift; path = AccountDetailSegmentCellViewModel.swift; sourceTree = "<group>"; };
		FBC12ACA270340A000EE698F /* AccountDetailSegmentCell.swift */ = {isa = PBXFileReference; lastKnownFileType = sourcecode.swift; path = AccountDetailSegmentCell.swift; sourceTree = "<group>"; };
		FBC12ACB270340A000EE698F /* AccountDetailSegmentCell.xib */ = {isa = PBXFileReference; lastKnownFileType = file.xib; path = AccountDetailSegmentCell.xib; sourceTree = "<group>"; };
		FBC12ACE2703481D00EE698F /* AccountDetailDateCellViewModel.swift */ = {isa = PBXFileReference; lastKnownFileType = sourcecode.swift; path = AccountDetailDateCellViewModel.swift; sourceTree = "<group>"; };
		FBD38C0B26DAB2B500E9365F /* SignInViewController.swift */ = {isa = PBXFileReference; lastKnownFileType = sourcecode.swift; path = SignInViewController.swift; sourceTree = "<group>"; };
		FBD38C0C26DAB2B500E9365F /* SignInViewController.xib */ = {isa = PBXFileReference; lastKnownFileType = file.xib; path = SignInViewController.xib; sourceTree = "<group>"; };
		FBD38C1026DB595200E9365F /* ListAccountCell.swift */ = {isa = PBXFileReference; lastKnownFileType = sourcecode.swift; path = ListAccountCell.swift; sourceTree = "<group>"; };
		FBD38C1126DB595200E9365F /* ListAccountCell.xib */ = {isa = PBXFileReference; lastKnownFileType = file.xib; path = ListAccountCell.xib; sourceTree = "<group>"; };
		FBD38C2E26DB867A00E9365F /* AccountDetailViewController.swift */ = {isa = PBXFileReference; lastKnownFileType = sourcecode.swift; path = AccountDetailViewController.swift; sourceTree = "<group>"; };
		FBD38C2F26DB867A00E9365F /* AccountDetailViewController.xib */ = {isa = PBXFileReference; lastKnownFileType = file.xib; path = AccountDetailViewController.xib; sourceTree = "<group>"; };
		FBD38C3326DB906D00E9365F /* TextFieldCell.swift */ = {isa = PBXFileReference; lastKnownFileType = sourcecode.swift; path = TextFieldCell.swift; sourceTree = "<group>"; };
		FBD38C3426DB906D00E9365F /* TextFieldCell.xib */ = {isa = PBXFileReference; lastKnownFileType = file.xib; path = TextFieldCell.xib; sourceTree = "<group>"; };
		FBD38C4326DBC04E00E9365F /* ViewModel.swift */ = {isa = PBXFileReference; lastKnownFileType = sourcecode.swift; path = ViewModel.swift; sourceTree = "<group>"; };
		FBD38C4526DBC4B400E9365F /* SettingSection.swift */ = {isa = PBXFileReference; lastKnownFileType = sourcecode.swift; path = SettingSection.swift; sourceTree = "<group>"; };
		FBD38C5526DBC88E00E9365F /* TableViewCell.swift */ = {isa = PBXFileReference; lastKnownFileType = sourcecode.swift; path = TableViewCell.swift; sourceTree = "<group>"; };
		FBD38C5626DBC88E00E9365F /* TableViewCell.xib */ = {isa = PBXFileReference; lastKnownFileType = file.xib; path = TableViewCell.xib; sourceTree = "<group>"; };
		FBD38C5926DBCB3E00E9365F /* TableViewCellViewModel.swift */ = {isa = PBXFileReference; lastKnownFileType = sourcecode.swift; path = TableViewCellViewModel.swift; sourceTree = "<group>"; };
		FBD38C5B26DBD5A300E9365F /* SettingViewController.swift */ = {isa = PBXFileReference; lastKnownFileType = sourcecode.swift; path = SettingViewController.swift; sourceTree = "<group>"; };
		FBD38C5C26DBD5A300E9365F /* SettingViewController.xib */ = {isa = PBXFileReference; lastKnownFileType = file.xib; path = SettingViewController.xib; sourceTree = "<group>"; };
/* End PBXFileReference section */

/* Begin PBXFrameworksBuildPhase section */
		FB8BF37826D67CDE0091CC58 /* Frameworks */ = {
			isa = PBXFrameworksBuildPhase;
			buildActionMask = 2147483647;
			files = (
				FBD38C4026DBBD2900E9365F /* RxRelay in Frameworks */,
				FB41430A26DAA27E003C6468 /* FirebaseCrashlytics in Frameworks */,
				FBD38C4226DBBD2900E9365F /* RxCocoa in Frameworks */,
				FB41430826DAA27E003C6468 /* FirebaseAnalytics in Frameworks */,
				FBD38C4B26DBC4DD00E9365F /* Differentiator in Frameworks */,
				FBD38C2C26DB832900E9365F /* FirebaseFirestoreSwift-Beta in Frameworks */,
				FBD38C4926DBC4DD00E9365F /* RxDataSources in Frameworks */,
				FB6DD83226DBF7F700CAE900 /* FacebookLogin in Frameworks */,
				FB8BF3BD26D92B9E0091CC58 /* Charts in Frameworks */,
				FB41430E26DAA27E003C6468 /* FirebaseFirestore in Frameworks */,
				FB41430C26DAA27E003C6468 /* FirebaseAuth in Frameworks */,
				FBD38C3E26DBBD2900E9365F /* RxSwift in Frameworks */,
				FBD38C0926DAB1EF00E9365F /* GoogleSignIn in Frameworks */,
			);
			runOnlyForDeploymentPostprocessing = 0;
		};
		FB8BF39126D67CE30091CC58 /* Frameworks */ = {
			isa = PBXFrameworksBuildPhase;
			buildActionMask = 2147483647;
			files = (
			);
			runOnlyForDeploymentPostprocessing = 0;
		};
		FB8BF39C26D67CE30091CC58 /* Frameworks */ = {
			isa = PBXFrameworksBuildPhase;
			buildActionMask = 2147483647;
			files = (
			);
			runOnlyForDeploymentPostprocessing = 0;
		};
/* End PBXFrameworksBuildPhase section */

/* Begin PBXGroup section */
		FB4142EF26DA96FF003C6468 /* ProfileViewController */ = {
			isa = PBXGroup;
			children = (
				FB4142F426DA9721003C6468 /* ProfileViewModel.swift */,
				FB4142F026DA9716003C6468 /* ProfileViewController.swift */,
				FB4142F126DA9716003C6468 /* ProfileViewController.xib */,
			);
			path = ProfileViewController;
			sourceTree = "<group>";
		};
		FB4142F626DA97A4003C6468 /* ListViewController */ = {
			isa = PBXGroup;
			children = (
				FBD38C0F26DB57BD00E9365F /* Cell */,
				FB3A9A9726FB55C700DA7B26 /* ListSection.swift */,
				FB4142FB26DA97BD003C6468 /* ListViewModel.swift */,
				FB4142F726DA97B2003C6468 /* ListViewController.swift */,
				FB4142F826DA97B2003C6468 /* ListViewController.xib */,
			);
			path = ListViewController;
			sourceTree = "<group>";
		};
		FB4142FD26DA9824003C6468 /* SettingViewController */ = {
			isa = PBXGroup;
			children = (
				FBD38C4C26DBC56600E9365F /* Cell */,
				FBD38C4526DBC4B400E9365F /* SettingSection.swift */,
				FB41430226DA9842003C6468 /* SettingViewModel.swift */,
				FBD38C5B26DBD5A300E9365F /* SettingViewController.swift */,
				FBD38C5C26DBD5A300E9365F /* SettingViewController.xib */,
			);
			path = SettingViewController;
			sourceTree = "<group>";
		};
		FB5BF0492704B90500E4F457 /* Selecting */ = {
			isa = PBXGroup;
			children = (
				FB5BF05C2704CD2400E4F457 /* Cell */,
				FB5BF0502704BE7A00E4F457 /* AccountDetailSelectingSection.swift */,
				FB5BF04A2704BBEB00E4F457 /* AccountDetailSelectingViewModel.swift */,
				FB5BF04C2704BC0400E4F457 /* AccountDetailSelectingViewController.swift */,
				FB5BF04D2704BC0400E4F457 /* AccountDetailSelectingViewController.xib */,
			);
			path = Selecting;
			sourceTree = "<group>";
		};
		FB5BF05C2704CD2400E4F457 /* Cell */ = {
			isa = PBXGroup;
			children = (
				FB5BF05D2704CD4C00E4F457 /* AccountDetailSelectingCellViewModel.swift */,
				FB5BF05F2704CDF300E4F457 /* AccountDetailSelectingCell.swift */,
				FB5BF0602704CDF300E4F457 /* AccountDetailSelectingCell.xib */,
			);
			path = Cell;
			sourceTree = "<group>";
		};
		FB6ACFA926DD15CB00F3099F /* MakingAccountBook */ = {
			isa = PBXGroup;
			children = (
				FBA26E4626E6147C00969785 /* EdittingName */,
				FB6ACFAF26DD174A00F3099F /* EdittingGroup */,
				FB6ACFAA26DD15DE00F3099F /* IntroCreatingGroup */,
			);
			path = MakingAccountBook;
			sourceTree = "<group>";
		};
		FB6ACFAA26DD15DE00F3099F /* IntroCreatingGroup */ = {
			isa = PBXGroup;
			children = (
				FBA26E3F26E5034C00969785 /* IntroCreatingGroupViewModel.swift */,
				FB6ACFAB26DD160E00F3099F /* IntroCreatingGroupViewController.swift */,
				FB6ACFAC26DD160E00F3099F /* IntroCreatingGroupViewController.xib */,
			);
			path = IntroCreatingGroup;
			sourceTree = "<group>";
		};
		FB6ACFAF26DD174A00F3099F /* EdittingGroup */ = {
			isa = PBXGroup;
			children = (
				FBA26E3826E1FE4000969785 /* EdittingGroupViewModel.swift */,
				FB6ACFB026DD177000F3099F /* EdittingGroupViewController.swift */,
				FB6ACFB126DD177000F3099F /* EdittingGroupViewController.xib */,
			);
			path = EdittingGroup;
			sourceTree = "<group>";
		};
		FB6ACFB426DFC6D200F3099F /* TabBar */ = {
			isa = PBXGroup;
			children = (
				FB6ACFB526DFC6EE00F3099F /* TabBarViewModel.swift */,
				FB8BF3B126D681320091CC58 /* TabBarController.swift */,
			);
			path = TabBar;
			sourceTree = "<group>";
		};
		FB6ACFB726DFC7F500F3099F /* Database */ = {
			isa = PBXGroup;
			children = (
				FBA26E4126E5183E00969785 /* DatabaseError.swift */,
			);
			path = Database;
			sourceTree = "<group>";
		};
		FB800812272059AF00DDD815 /* DatePickerCell */ = {
			isa = PBXGroup;
			children = (
				FB800813272059EB00DDD815 /* ListInfoDatePickerCellViewModel.swift */,
				FB8008332722E6D900DDD815 /* ListInfoDatePickerCell.swift */,
				FB8008342722E6D900DDD815 /* ListInfoDatePickerCell.xib */,
			);
			path = DatePickerCell;
			sourceTree = "<group>";
		};
		FB80081927205A7A00DDD815 /* SummaryCell */ = {
			isa = PBXGroup;
			children = (
				FB80081A27205A8E00DDD815 /* ListInfoSummaryCellViewModel.swift */,
				FB80082B2722E2A200DDD815 /* ListInfoSummaryCell.swift */,
				FB80082C2722E2A200DDD815 /* ListInfoSummaryCell.xib */,
			);
			path = SummaryCell;
			sourceTree = "<group>";
		};
		FB80082827205D7600DDD815 /* MultipleDatePicker */ = {
			isa = PBXGroup;
			children = (
				FB8008292722E25B00DDD815 /* ListInfoMultipleDatePickerCellViewModel.swift */,
				FB80082F2722E44100DDD815 /* ListInfoMultipleDatePickerCell.swift */,
				FB8008302722E44100DDD815 /* ListInfoMultipleDatePickerCell.xib */,
			);
			path = MultipleDatePicker;
			sourceTree = "<group>";
		};
		FB8BF37226D67CDE0091CC58 = {
			isa = PBXGroup;
			children = (
				FB8BF37D26D67CDE0091CC58 /* AccountBook */,
				FB8BF39726D67CE30091CC58 /* AccountBookTests */,
				FB8BF3A226D67CE30091CC58 /* AccountBookUITests */,
				FB8BF37C26D67CDE0091CC58 /* Products */,
				FBD38C2A26DB832900E9365F /* Frameworks */,
			);
			sourceTree = "<group>";
		};
		FB8BF37C26D67CDE0091CC58 /* Products */ = {
			isa = PBXGroup;
			children = (
				FB8BF37B26D67CDE0091CC58 /* AccountBook.app */,
				FB8BF39426D67CE30091CC58 /* AccountBookTests.xctest */,
				FB8BF39F26D67CE30091CC58 /* AccountBookUITests.xctest */,
			);
			name = Products;
			sourceTree = "<group>";
		};
		FB8BF37D26D67CDE0091CC58 /* AccountBook */ = {
			isa = PBXGroup;
			children = (
				FB8BF3C526D931360091CC58 /* Extension */,
				FBA26E5126ECA65400969785 /* Util */,
				FBD38C4D26DBC68F00E9365F /* Common */,
				FBA26E3A26E1FE8900969785 /* Model */,
				FB6ACFB426DFC6D200F3099F /* TabBar */,
				FB4142EF26DA96FF003C6468 /* ProfileViewController */,
				FB8BF3B426D6855F0091CC58 /* ChartViewController */,
				FB4142F626DA97A4003C6468 /* ListViewController */,
				FB4142FD26DA9824003C6468 /* SettingViewController */,
				FBD38C2D26DB862600E9365F /* AccountDetailViewController */,
				FBD38C0A26DAB29900E9365F /* SignInViewController */,
				FB6ACFA926DD15CB00F3099F /* MakingAccountBook */,
				FB8BF3B326D684920091CC58 /* Resource */,
				FB8BF38F26D67CE20091CC58 /* Info.plist */,
				FB8BF38C26D67CE20091CC58 /* LaunchScreen.storyboard */,
				FB8BF37E26D67CDE0091CC58 /* AppDelegate.swift */,
				FB41430426DA9C79003C6468 /* GoogleService-Info.plist */,
			);
			path = AccountBook;
			sourceTree = "<group>";
		};
		FB8BF39726D67CE30091CC58 /* AccountBookTests */ = {
			isa = PBXGroup;
			children = (
				FB8BF39826D67CE30091CC58 /* AccountBookTests.swift */,
				FB8BF39A26D67CE30091CC58 /* Info.plist */,
			);
			path = AccountBookTests;
			sourceTree = "<group>";
		};
		FB8BF3A226D67CE30091CC58 /* AccountBookUITests */ = {
			isa = PBXGroup;
			children = (
				FB8BF3A326D67CE30091CC58 /* AccountBookUITests.swift */,
				FB8BF3A526D67CE30091CC58 /* Info.plist */,
			);
			path = AccountBookUITests;
			sourceTree = "<group>";
		};
		FB8BF3B326D684920091CC58 /* Resource */ = {
			isa = PBXGroup;
			children = (
				FB8BF38A26D67CE20091CC58 /* Assets.xcassets */,
				FB6ACFA726DD064C00F3099F /* Images.xcassets */,
			);
			path = Resource;
			sourceTree = "<group>";
		};
		FB8BF3B426D6855F0091CC58 /* ChartViewController */ = {
			isa = PBXGroup;
			children = (
				FB8BF3D626DA7E7C0091CC58 /* MonthlyChartViewController */,
				FB8BF3C826DA75F30091CC58 /* BarChartViewController */,
				FB8BF3BE26D92D2C0091CC58 /* PieChartViewController */,
				FB8BF3B926D696740091CC58 /* ChartViewModel.swift */,
				FB8BF3B526D685710091CC58 /* ChartViewController.swift */,
				FB8BF3B626D685710091CC58 /* ChartViewController.xib */,
			);
			path = ChartViewController;
			sourceTree = "<group>";
		};
		FB8BF3BE26D92D2C0091CC58 /* PieChartViewController */ = {
			isa = PBXGroup;
			children = (
				FB8BF3C326D92D710091CC58 /* PieChartViewModel.swift */,
				FB8BF3BF26D92D430091CC58 /* PieChartViewController.swift */,
				FB8BF3C026D92D430091CC58 /* PieChartViewController.xib */,
			);
			path = PieChartViewController;
			sourceTree = "<group>";
		};
		FB8BF3C526D931360091CC58 /* Extension */ = {
			isa = PBXGroup;
			children = (
				FB8BF3C626D931530091CC58 /* UIView+Design.swift */,
				FBA26E3D26E4FB4600969785 /* UIViewController+Rx.swift */,
				FBA26E4D26E62D5500969785 /* Int+Format.swift */,
			);
			path = Extension;
			sourceTree = "<group>";
		};
		FB8BF3C826DA75F30091CC58 /* BarChartViewController */ = {
			isa = PBXGroup;
			children = (
				FB8BF3CF26DA78DF0091CC58 /* Cell */,
				FB8BF3CD26DA763B0091CC58 /* BarChartViewModel.swift */,
				FB8BF3C926DA76140091CC58 /* BarChartViewController.swift */,
				FB8BF3CA26DA76140091CC58 /* BarChartViewController.xib */,
			);
			path = BarChartViewController;
			sourceTree = "<group>";
		};
		FB8BF3CF26DA78DF0091CC58 /* Cell */ = {
			isa = PBXGroup;
			children = (
				FB8BF3D426DA7A180091CC58 /* BarChartCellViewModel.swift */,
				FB8BF3D026DA79F80091CC58 /* BarChartCell.swift */,
				FB8BF3D126DA79F80091CC58 /* BarChartCell.xib */,
			);
			path = Cell;
			sourceTree = "<group>";
		};
		FB8BF3D626DA7E7C0091CC58 /* MonthlyChartViewController */ = {
			isa = PBXGroup;
			children = (
				FB8BF3DD26DA8E120091CC58 /* Cell */,
				FB8BF3DB26DA7EB60091CC58 /* MonthlyChartViewModel.swift */,
				FB8BF3D726DA7EA90091CC58 /* MonthlyChartViewController.swift */,
				FB8BF3D826DA7EA90091CC58 /* MonthlyChartViewController.xib */,
			);
			path = MonthlyChartViewController;
			sourceTree = "<group>";
		};
		FB8BF3DD26DA8E120091CC58 /* Cell */ = {
			isa = PBXGroup;
			children = (
				FB8BF3E226DA8E330091CC58 /* MonthlyChartCellViewModel.swift */,
				FB8BF3DE26DA8E280091CC58 /* MonthlyChartCell.swift */,
				FB8BF3DF26DA8E280091CC58 /* MonthlyChartCell.xib */,
			);
			path = Cell;
			sourceTree = "<group>";
		};
		FBA26E3A26E1FE8900969785 /* Model */ = {
			isa = PBXGroup;
			children = (
				FBA26E3B26E1FE9600969785 /* GroupDocumentModel.swift */,
			);
			path = Model;
			sourceTree = "<group>";
		};
		FBA26E4626E6147C00969785 /* EdittingName */ = {
			isa = PBXGroup;
			children = (
				FBA26E4B26E619CD00969785 /* EdittingNameViewModel.swift */,
				FBA26E4726E619AB00969785 /* EdittingNameViewController.swift */,
				FBA26E4826E619AB00969785 /* EdittingNameViewController.xib */,
			);
			path = EdittingName;
			sourceTree = "<group>";
		};
		FBA26E5126ECA65400969785 /* Util */ = {
			isa = PBXGroup;
			children = (
				FB6ACFB726DFC7F500F3099F /* Database */,
				FBA26E4426E51FFC00969785 /* ABUser.swift */,
				FB6ACFB826DFC89000F3099F /* ABAPI.swift */,
				FB86870F26F84CFC006E4FC5 /* Group.swift */,
				FB86871126F8CE02006E4FC5 /* ABProvider.swift */,
			);
			path = Util;
			sourceTree = "<group>";
		};
		FBC12AB7270327A500EE698F /* SelectionCell */ = {
			isa = PBXGroup;
			children = (
				FBC12ABC2703284200EE698F /* AccountDetailSelectionCellViewModel.swift */,
				FBC12AB82703282D00EE698F /* AccountDetailSelectionCell.swift */,
				FBC12AB92703282D00EE698F /* AccountDetailSelectionCell.xib */,
			);
			path = SelectionCell;
			sourceTree = "<group>";
		};
		FBC12AC0270335E300EE698F /* DateCell */ = {
			isa = PBXGroup;
			children = (
				FBC12ACE2703481D00EE698F /* AccountDetailDateCellViewModel.swift */,
				FBC12AC32703365D00EE698F /* AccountDetailDateCell.swift */,
				FBC12AC42703365D00EE698F /* AccountDetailDateCell.xib */,
			);
			path = DateCell;
			sourceTree = "<group>";
		};
		FBC12AC72703404D00EE698F /* SegmentCell */ = {
			isa = PBXGroup;
			children = (
				FBC12AC82703405E00EE698F /* AccountDetailSegmentCellViewModel.swift */,
				FBC12ACA270340A000EE698F /* AccountDetailSegmentCell.swift */,
				FBC12ACB270340A000EE698F /* AccountDetailSegmentCell.xib */,
			);
			path = SegmentCell;
			sourceTree = "<group>";
		};
		FBD38C0A26DAB29900E9365F /* SignInViewController */ = {
			isa = PBXGroup;
			children = (
				FBA26E4F26E7A72E00969785 /* SignInViewModel.swift */,
				FBD38C0B26DAB2B500E9365F /* SignInViewController.swift */,
				FBD38C0C26DAB2B500E9365F /* SignInViewController.xib */,
			);
			path = SignInViewController;
			sourceTree = "<group>";
		};
		FBD38C0F26DB57BD00E9365F /* Cell */ = {
			isa = PBXGroup;
			children = (
				FB80081927205A7A00DDD815 /* SummaryCell */,
				FB80082827205D7600DDD815 /* MultipleDatePicker */,
				FB800812272059AF00DDD815 /* DatePickerCell */,
				FBD38C1426DB62D800E9365F /* AccountCell */,
			);
			path = Cell;
			sourceTree = "<group>";
		};
		FBD38C1426DB62D800E9365F /* AccountCell */ = {
			isa = PBXGroup;
			children = (
				FB3A9A9B26FB57C100DA7B26 /* ListAccountCellViewModel.swift */,
				FBD38C1026DB595200E9365F /* ListAccountCell.swift */,
				FBD38C1126DB595200E9365F /* ListAccountCell.xib */,
			);
			path = AccountCell;
			sourceTree = "<group>";
		};
		FBD38C2A26DB832900E9365F /* Frameworks */ = {
			isa = PBXGroup;
			children = (
			);
			name = Frameworks;
			sourceTree = "<group>";
		};
		FBD38C2D26DB862600E9365F /* AccountDetailViewController */ = {
			isa = PBXGroup;
			children = (
				FB5BF0492704B90500E4F457 /* Selecting */,
				FBD38C3226DB896E00E9365F /* Cell */,
				FBC12AB52703222F00EE698F /* AccountDetailSection.swift */,
				FBC12AB12701D52C00EE698F /* AccountDetailViewModel.swift */,
				FBD38C2E26DB867A00E9365F /* AccountDetailViewController.swift */,
				FBD38C2F26DB867A00E9365F /* AccountDetailViewController.xib */,
			);
			path = AccountDetailViewController;
			sourceTree = "<group>";
		};
		FBD38C3226DB896E00E9365F /* Cell */ = {
			isa = PBXGroup;
			children = (
				FBC12AC72703404D00EE698F /* SegmentCell */,
				FBC12AC0270335E300EE698F /* DateCell */,
				FBC12AB7270327A500EE698F /* SelectionCell */,
				FBD38C3726DB90FC00E9365F /* TextFieldCell */,
			);
			path = Cell;
			sourceTree = "<group>";
		};
		FBD38C3726DB90FC00E9365F /* TextFieldCell */ = {
			isa = PBXGroup;
			children = (
				FBC12AB32701D60A00EE698F /* TextFieldCellViewModel.swift */,
				FBD38C3326DB906D00E9365F /* TextFieldCell.swift */,
				FBD38C3426DB906D00E9365F /* TextFieldCell.xib */,
			);
			path = TextFieldCell;
			sourceTree = "<group>";
		};
		FBD38C4C26DBC56600E9365F /* Cell */ = {
			isa = PBXGroup;
			children = (
			);
			path = Cell;
			sourceTree = "<group>";
		};
		FBD38C4D26DBC68F00E9365F /* Common */ = {
			isa = PBXGroup;
			children = (
				FBD38C5426DBC88100E9365F /* TableViewCell */,
				FBD38C4326DBC04E00E9365F /* ViewModel.swift */,
				FB6ACFBA26E0D36700F3099F /* ViewController.swift */,
			);
			path = Common;
			sourceTree = "<group>";
		};
		FBD38C5426DBC88100E9365F /* TableViewCell */ = {
			isa = PBXGroup;
			children = (
				FBD38C5926DBCB3E00E9365F /* TableViewCellViewModel.swift */,
				FBD38C5526DBC88E00E9365F /* TableViewCell.swift */,
				FBD38C5626DBC88E00E9365F /* TableViewCell.xib */,
			);
			path = TableViewCell;
			sourceTree = "<group>";
		};
/* End PBXGroup section */

/* Begin PBXNativeTarget section */
		FB8BF37A26D67CDE0091CC58 /* AccountBook */ = {
			isa = PBXNativeTarget;
			buildConfigurationList = FB8BF3A826D67CE30091CC58 /* Build configuration list for PBXNativeTarget "AccountBook" */;
			buildPhases = (
				FB8BF37726D67CDE0091CC58 /* Sources */,
				FB8BF37826D67CDE0091CC58 /* Frameworks */,
				FB8BF37926D67CDE0091CC58 /* Resources */,
				FBD38C2926DB74A100E9365F /* Crashlytics Run Script */,
			);
			buildRules = (
			);
			dependencies = (
			);
			name = AccountBook;
			packageProductDependencies = (
				FB8BF3BC26D92B9E0091CC58 /* Charts */,
				FB41430726DAA27E003C6468 /* FirebaseAnalytics */,
				FB41430926DAA27E003C6468 /* FirebaseCrashlytics */,
				FB41430B26DAA27E003C6468 /* FirebaseAuth */,
				FB41430D26DAA27E003C6468 /* FirebaseFirestore */,
				FBD38C0826DAB1EF00E9365F /* GoogleSignIn */,
				FBD38C2B26DB832900E9365F /* FirebaseFirestoreSwift-Beta */,
				FBD38C3D26DBBD2900E9365F /* RxSwift */,
				FBD38C3F26DBBD2900E9365F /* RxRelay */,
				FBD38C4126DBBD2900E9365F /* RxCocoa */,
				FBD38C4826DBC4DD00E9365F /* RxDataSources */,
				FBD38C4A26DBC4DD00E9365F /* Differentiator */,
				FB6DD83126DBF7F700CAE900 /* FacebookLogin */,
			);
			productName = AccountBook;
			productReference = FB8BF37B26D67CDE0091CC58 /* AccountBook.app */;
			productType = "com.apple.product-type.application";
		};
		FB8BF39326D67CE30091CC58 /* AccountBookTests */ = {
			isa = PBXNativeTarget;
			buildConfigurationList = FB8BF3AB26D67CE30091CC58 /* Build configuration list for PBXNativeTarget "AccountBookTests" */;
			buildPhases = (
				FB8BF39026D67CE30091CC58 /* Sources */,
				FB8BF39126D67CE30091CC58 /* Frameworks */,
				FB8BF39226D67CE30091CC58 /* Resources */,
			);
			buildRules = (
			);
			dependencies = (
				FB8BF39626D67CE30091CC58 /* PBXTargetDependency */,
			);
			name = AccountBookTests;
			productName = AccountBookTests;
			productReference = FB8BF39426D67CE30091CC58 /* AccountBookTests.xctest */;
			productType = "com.apple.product-type.bundle.unit-test";
		};
		FB8BF39E26D67CE30091CC58 /* AccountBookUITests */ = {
			isa = PBXNativeTarget;
			buildConfigurationList = FB8BF3AE26D67CE30091CC58 /* Build configuration list for PBXNativeTarget "AccountBookUITests" */;
			buildPhases = (
				FB8BF39B26D67CE30091CC58 /* Sources */,
				FB8BF39C26D67CE30091CC58 /* Frameworks */,
				FB8BF39D26D67CE30091CC58 /* Resources */,
			);
			buildRules = (
			);
			dependencies = (
				FB8BF3A126D67CE30091CC58 /* PBXTargetDependency */,
			);
			name = AccountBookUITests;
			productName = AccountBookUITests;
			productReference = FB8BF39F26D67CE30091CC58 /* AccountBookUITests.xctest */;
			productType = "com.apple.product-type.bundle.ui-testing";
		};
/* End PBXNativeTarget section */

/* Begin PBXProject section */
		FB8BF37326D67CDE0091CC58 /* Project object */ = {
			isa = PBXProject;
			attributes = {
				LastSwiftUpdateCheck = 1250;
				LastUpgradeCheck = 1250;
				TargetAttributes = {
					FB8BF37A26D67CDE0091CC58 = {
						CreatedOnToolsVersion = 12.5.1;
					};
					FB8BF39326D67CE30091CC58 = {
						CreatedOnToolsVersion = 12.5.1;
						TestTargetID = FB8BF37A26D67CDE0091CC58;
					};
					FB8BF39E26D67CE30091CC58 = {
						CreatedOnToolsVersion = 12.5.1;
						TestTargetID = FB8BF37A26D67CDE0091CC58;
					};
				};
			};
			buildConfigurationList = FB8BF37626D67CDE0091CC58 /* Build configuration list for PBXProject "AccountBook" */;
			compatibilityVersion = "Xcode 9.3";
			developmentRegion = en;
			hasScannedForEncodings = 0;
			knownRegions = (
				en,
				Base,
			);
			mainGroup = FB8BF37226D67CDE0091CC58;
			packageReferences = (
				FB8BF3BB26D92B9E0091CC58 /* XCRemoteSwiftPackageReference "Charts" */,
				FB41430626DAA27E003C6468 /* XCRemoteSwiftPackageReference "firebase-ios-sdk" */,
				FBD38C0726DAB1EE00E9365F /* XCRemoteSwiftPackageReference "GoogleSignIn-iOS" */,
				FBD38C3C26DBBD2900E9365F /* XCRemoteSwiftPackageReference "RxSwift" */,
				FBD38C4726DBC4DD00E9365F /* XCRemoteSwiftPackageReference "RxDataSources" */,
				FB6DD83026DBF7F700CAE900 /* XCRemoteSwiftPackageReference "facebook-ios-sdk" */,
			);
			productRefGroup = FB8BF37C26D67CDE0091CC58 /* Products */;
			projectDirPath = "";
			projectRoot = "";
			targets = (
				FB8BF37A26D67CDE0091CC58 /* AccountBook */,
				FB8BF39326D67CE30091CC58 /* AccountBookTests */,
				FB8BF39E26D67CE30091CC58 /* AccountBookUITests */,
			);
		};
/* End PBXProject section */

/* Begin PBXResourcesBuildPhase section */
		FB8BF37926D67CDE0091CC58 /* Resources */ = {
			isa = PBXResourcesBuildPhase;
			buildActionMask = 2147483647;
			files = (
				FB5BF0622704CDF300E4F457 /* AccountDetailSelectingCell.xib in Resources */,
				FB4142F326DA9716003C6468 /* ProfileViewController.xib in Resources */,
				FBA26E4A26E619AB00969785 /* EdittingNameViewController.xib in Resources */,
				FBC12AC62703365D00EE698F /* AccountDetailDateCell.xib in Resources */,
				FBD38C5E26DBD5A300E9365F /* SettingViewController.xib in Resources */,
				FB8BF3D326DA79F80091CC58 /* BarChartCell.xib in Resources */,
				FB8008322722E44100DDD815 /* ListInfoMultipleDatePickerCell.xib in Resources */,
				FBC12ABB2703282D00EE698F /* AccountDetailSelectionCell.xib in Resources */,
				FB4142FA26DA97B2003C6468 /* ListViewController.xib in Resources */,
				FBD38C0E26DAB2B500E9365F /* SignInViewController.xib in Resources */,
				FB8BF38E26D67CE20091CC58 /* LaunchScreen.storyboard in Resources */,
				FB8BF3E126DA8E280091CC58 /* MonthlyChartCell.xib in Resources */,
				FB5BF04F2704BC0400E4F457 /* AccountDetailSelectingViewController.xib in Resources */,
				FB41430526DA9C79003C6468 /* GoogleService-Info.plist in Resources */,
				FB8BF3B826D685710091CC58 /* ChartViewController.xib in Resources */,
				FB6ACFAE26DD160E00F3099F /* IntroCreatingGroupViewController.xib in Resources */,
				FB8BF3CC26DA76140091CC58 /* BarChartViewController.xib in Resources */,
				FB8BF3C226D92D430091CC58 /* PieChartViewController.xib in Resources */,
				FB80082E2722E2A200DDD815 /* ListInfoSummaryCell.xib in Resources */,
				FB8BF38B26D67CE20091CC58 /* Assets.xcassets in Resources */,
				FBD38C5826DBC88E00E9365F /* TableViewCell.xib in Resources */,
				FBD38C3626DB906D00E9365F /* TextFieldCell.xib in Resources */,
				FB6ACFA826DD064C00F3099F /* Images.xcassets in Resources */,
				FB8BF3DA26DA7EA90091CC58 /* MonthlyChartViewController.xib in Resources */,
				FBD38C1326DB595200E9365F /* ListAccountCell.xib in Resources */,
				FBC12ACD270340A000EE698F /* AccountDetailSegmentCell.xib in Resources */,
				FBD38C3126DB867A00E9365F /* AccountDetailViewController.xib in Resources */,
				FB6ACFB326DD177000F3099F /* EdittingGroupViewController.xib in Resources */,
				FB8008362722E6D900DDD815 /* ListInfoDatePickerCell.xib in Resources */,
			);
			runOnlyForDeploymentPostprocessing = 0;
		};
		FB8BF39226D67CE30091CC58 /* Resources */ = {
			isa = PBXResourcesBuildPhase;
			buildActionMask = 2147483647;
			files = (
			);
			runOnlyForDeploymentPostprocessing = 0;
		};
		FB8BF39D26D67CE30091CC58 /* Resources */ = {
			isa = PBXResourcesBuildPhase;
			buildActionMask = 2147483647;
			files = (
			);
			runOnlyForDeploymentPostprocessing = 0;
		};
/* End PBXResourcesBuildPhase section */

/* Begin PBXShellScriptBuildPhase section */
		FBD38C2926DB74A100E9365F /* Crashlytics Run Script */ = {
			isa = PBXShellScriptBuildPhase;
			buildActionMask = 2147483647;
			files = (
			);
			inputFileListPaths = (
			);
			inputPaths = (
				"${DWARF_DSYM_FOLDER_PATH}/${DWARF_DSYM_FILE_NAME}/Contents/Resources/DWARF/${TARGET_NAME}",
				"$(SRCROOT)/$(BUILT_PRODUCTS_DIR)/$(INFOPLIST_PATH)",
			);
			name = "Crashlytics Run Script";
			outputFileListPaths = (
			);
			outputPaths = (
			);
			runOnlyForDeploymentPostprocessing = 0;
			shellPath = /bin/sh;
			shellScript = "# Type a script or drag a script file from your workspace to insert its path.\n${BUILD_DIR%Build/*}SourcePackages/checkouts/firebase-ios-sdk/Crashlytics/run\n";
		};
/* End PBXShellScriptBuildPhase section */

/* Begin PBXSourcesBuildPhase section */
		FB8BF37726D67CDE0091CC58 /* Sources */ = {
			isa = PBXSourcesBuildPhase;
			buildActionMask = 2147483647;
			files = (
				FBA26E4926E619AB00969785 /* EdittingNameViewController.swift in Sources */,
				FB6ACFB226DD177000F3099F /* EdittingGroupViewController.swift in Sources */,
				FBD38C5A26DBCB3E00E9365F /* TableViewCellViewModel.swift in Sources */,
				FBC12AB62703222F00EE698F /* AccountDetailSection.swift in Sources */,
				FBD38C0D26DAB2B500E9365F /* SignInViewController.swift in Sources */,
				FB8BF3C726D931530091CC58 /* UIView+Design.swift in Sources */,
				FB6ACFB926DFC89000F3099F /* ABAPI.swift in Sources */,
				FB8BF3DC26DA7EB60091CC58 /* MonthlyChartViewModel.swift in Sources */,
				FB8BF3C126D92D430091CC58 /* PieChartViewController.swift in Sources */,
				FBD38C5D26DBD5A300E9365F /* SettingViewController.swift in Sources */,
				FB8BF3E326DA8E330091CC58 /* MonthlyChartCellViewModel.swift in Sources */,
				FB8BF3CB26DA76140091CC58 /* BarChartViewController.swift in Sources */,
				FB86871026F84CFC006E4FC5 /* Group.swift in Sources */,
				FB5BF0512704BE7A00E4F457 /* AccountDetailSelectingSection.swift in Sources */,
				FB80082D2722E2A200DDD815 /* ListInfoSummaryCell.swift in Sources */,
				FBA26E3C26E1FE9600969785 /* GroupDocumentModel.swift in Sources */,
				FBA26E4026E5034C00969785 /* IntroCreatingGroupViewModel.swift in Sources */,
				FBD38C3526DB906D00E9365F /* TextFieldCell.swift in Sources */,
				FBA26E5026E7A72E00969785 /* SignInViewModel.swift in Sources */,
				FB3A9A9C26FB57C100DA7B26 /* ListAccountCellViewModel.swift in Sources */,
				FBA26E4E26E62D5500969785 /* Int+Format.swift in Sources */,
				FB800814272059EB00DDD815 /* ListInfoDatePickerCellViewModel.swift in Sources */,
				FB8BF3BA26D696740091CC58 /* ChartViewModel.swift in Sources */,
				FB5BF04E2704BC0400E4F457 /* AccountDetailSelectingViewController.swift in Sources */,
				FB80082A2722E25B00DDD815 /* ListInfoMultipleDatePickerCellViewModel.swift in Sources */,
				FBD38C5726DBC88E00E9365F /* TableViewCell.swift in Sources */,
				FB5BF04B2704BBEB00E4F457 /* AccountDetailSelectingViewModel.swift in Sources */,
				FB4142F226DA9716003C6468 /* ProfileViewController.swift in Sources */,
				FBD38C4426DBC04E00E9365F /* ViewModel.swift in Sources */,
				FBC12ACF2703481E00EE698F /* AccountDetailDateCellViewModel.swift in Sources */,
				FB8008312722E44100DDD815 /* ListInfoMultipleDatePickerCell.swift in Sources */,
				FB4142F926DA97B2003C6468 /* ListViewController.swift in Sources */,
				FBC12AB22701D52C00EE698F /* AccountDetailViewModel.swift in Sources */,
				FB8BF3D526DA7A180091CC58 /* BarChartCellViewModel.swift in Sources */,
				FBD38C3026DB867A00E9365F /* AccountDetailViewController.swift in Sources */,
				FB4142FC26DA97BD003C6468 /* ListViewModel.swift in Sources */,
				FB8BF3CE26DA763B0091CC58 /* BarChartViewModel.swift in Sources */,
				FBC12ABA2703282D00EE698F /* AccountDetailSelectionCell.swift in Sources */,
				FBA26E3926E1FE4100969785 /* EdittingGroupViewModel.swift in Sources */,
				FB8BF3D926DA7EA90091CC58 /* MonthlyChartViewController.swift in Sources */,
				FBC12AC92703405E00EE698F /* AccountDetailSegmentCellViewModel.swift in Sources */,
				FB8BF3B726D685710091CC58 /* ChartViewController.swift in Sources */,
				FB3A9A9826FB55C700DA7B26 /* ListSection.swift in Sources */,
				FB4142F526DA9721003C6468 /* ProfileViewModel.swift in Sources */,
				FBC12AC52703365D00EE698F /* AccountDetailDateCell.swift in Sources */,
				FBD38C1226DB595200E9365F /* ListAccountCell.swift in Sources */,
				FBC12ABD2703284200EE698F /* AccountDetailSelectionCellViewModel.swift in Sources */,
				FB8BF3E026DA8E280091CC58 /* MonthlyChartCell.swift in Sources */,
				FB8008352722E6D900DDD815 /* ListInfoDatePickerCell.swift in Sources */,
				FB5BF05E2704CD4C00E4F457 /* AccountDetailSelectingCellViewModel.swift in Sources */,
				FBC12AB42701D60A00EE698F /* TextFieldCellViewModel.swift in Sources */,
				FBA26E4526E51FFC00969785 /* ABUser.swift in Sources */,
				FB6ACFBB26E0D36800F3099F /* ViewController.swift in Sources */,
				FB86871226F8CE02006E4FC5 /* ABProvider.swift in Sources */,
				FB5BF0612704CDF300E4F457 /* AccountDetailSelectingCell.swift in Sources */,
				FBA26E4226E5183E00969785 /* DatabaseError.swift in Sources */,
				FB8BF3C426D92D710091CC58 /* PieChartViewModel.swift in Sources */,
				FBD38C4626DBC4B400E9365F /* SettingSection.swift in Sources */,
				FB8BF37F26D67CDE0091CC58 /* AppDelegate.swift in Sources */,
				FB6ACFAD26DD160E00F3099F /* IntroCreatingGroupViewController.swift in Sources */,
				FBA26E3E26E4FB4600969785 /* UIViewController+Rx.swift in Sources */,
				FB41430326DA9842003C6468 /* SettingViewModel.swift in Sources */,
				FB8BF3B226D681320091CC58 /* TabBarController.swift in Sources */,
				FB6ACFB626DFC6EE00F3099F /* TabBarViewModel.swift in Sources */,
				FBA26E4C26E619CD00969785 /* EdittingNameViewModel.swift in Sources */,
				FBC12ACC270340A000EE698F /* AccountDetailSegmentCell.swift in Sources */,
				FB8BF3D226DA79F80091CC58 /* BarChartCell.swift in Sources */,
				FB80081B27205A8E00DDD815 /* ListInfoSummaryCellViewModel.swift in Sources */,
			);
			runOnlyForDeploymentPostprocessing = 0;
		};
		FB8BF39026D67CE30091CC58 /* Sources */ = {
			isa = PBXSourcesBuildPhase;
			buildActionMask = 2147483647;
			files = (
				FB8BF39926D67CE30091CC58 /* AccountBookTests.swift in Sources */,
			);
			runOnlyForDeploymentPostprocessing = 0;
		};
		FB8BF39B26D67CE30091CC58 /* Sources */ = {
			isa = PBXSourcesBuildPhase;
			buildActionMask = 2147483647;
			files = (
				FB8BF3A426D67CE30091CC58 /* AccountBookUITests.swift in Sources */,
			);
			runOnlyForDeploymentPostprocessing = 0;
		};
/* End PBXSourcesBuildPhase section */

/* Begin PBXTargetDependency section */
		FB8BF39626D67CE30091CC58 /* PBXTargetDependency */ = {
			isa = PBXTargetDependency;
			target = FB8BF37A26D67CDE0091CC58 /* AccountBook */;
			targetProxy = FB8BF39526D67CE30091CC58 /* PBXContainerItemProxy */;
		};
		FB8BF3A126D67CE30091CC58 /* PBXTargetDependency */ = {
			isa = PBXTargetDependency;
			target = FB8BF37A26D67CDE0091CC58 /* AccountBook */;
			targetProxy = FB8BF3A026D67CE30091CC58 /* PBXContainerItemProxy */;
		};
/* End PBXTargetDependency section */

/* Begin PBXVariantGroup section */
		FB8BF38C26D67CE20091CC58 /* LaunchScreen.storyboard */ = {
			isa = PBXVariantGroup;
			children = (
				FB8BF38D26D67CE20091CC58 /* Base */,
			);
			name = LaunchScreen.storyboard;
			sourceTree = "<group>";
		};
/* End PBXVariantGroup section */

/* Begin XCBuildConfiguration section */
		FB8BF3A626D67CE30091CC58 /* Debug */ = {
			isa = XCBuildConfiguration;
			buildSettings = {
				ALWAYS_SEARCH_USER_PATHS = NO;
				CLANG_ANALYZER_NONNULL = YES;
				CLANG_ANALYZER_NUMBER_OBJECT_CONVERSION = YES_AGGRESSIVE;
				CLANG_CXX_LANGUAGE_STANDARD = "gnu++14";
				CLANG_CXX_LIBRARY = "libc++";
				CLANG_ENABLE_MODULES = YES;
				CLANG_ENABLE_OBJC_ARC = YES;
				CLANG_ENABLE_OBJC_WEAK = YES;
				CLANG_WARN_BLOCK_CAPTURE_AUTORELEASING = YES;
				CLANG_WARN_BOOL_CONVERSION = YES;
				CLANG_WARN_COMMA = YES;
				CLANG_WARN_CONSTANT_CONVERSION = YES;
				CLANG_WARN_DEPRECATED_OBJC_IMPLEMENTATIONS = YES;
				CLANG_WARN_DIRECT_OBJC_ISA_USAGE = YES_ERROR;
				CLANG_WARN_DOCUMENTATION_COMMENTS = YES;
				CLANG_WARN_EMPTY_BODY = YES;
				CLANG_WARN_ENUM_CONVERSION = YES;
				CLANG_WARN_INFINITE_RECURSION = YES;
				CLANG_WARN_INT_CONVERSION = YES;
				CLANG_WARN_NON_LITERAL_NULL_CONVERSION = YES;
				CLANG_WARN_OBJC_IMPLICIT_RETAIN_SELF = YES;
				CLANG_WARN_OBJC_LITERAL_CONVERSION = YES;
				CLANG_WARN_OBJC_ROOT_CLASS = YES_ERROR;
				CLANG_WARN_QUOTED_INCLUDE_IN_FRAMEWORK_HEADER = YES;
				CLANG_WARN_RANGE_LOOP_ANALYSIS = YES;
				CLANG_WARN_STRICT_PROTOTYPES = YES;
				CLANG_WARN_SUSPICIOUS_MOVE = YES;
				CLANG_WARN_UNGUARDED_AVAILABILITY = YES_AGGRESSIVE;
				CLANG_WARN_UNREACHABLE_CODE = YES;
				CLANG_WARN__DUPLICATE_METHOD_MATCH = YES;
				COPY_PHASE_STRIP = NO;
				DEBUG_INFORMATION_FORMAT = dwarf;
				ENABLE_STRICT_OBJC_MSGSEND = YES;
				ENABLE_TESTABILITY = YES;
				GCC_C_LANGUAGE_STANDARD = gnu11;
				GCC_DYNAMIC_NO_PIC = NO;
				GCC_NO_COMMON_BLOCKS = YES;
				GCC_OPTIMIZATION_LEVEL = 0;
				GCC_PREPROCESSOR_DEFINITIONS = (
					"DEBUG=1",
					"$(inherited)",
				);
				GCC_WARN_64_TO_32_BIT_CONVERSION = YES;
				GCC_WARN_ABOUT_RETURN_TYPE = YES_ERROR;
				GCC_WARN_UNDECLARED_SELECTOR = YES;
				GCC_WARN_UNINITIALIZED_AUTOS = YES_AGGRESSIVE;
				GCC_WARN_UNUSED_FUNCTION = YES;
				GCC_WARN_UNUSED_VARIABLE = YES;
				IPHONEOS_DEPLOYMENT_TARGET = 13.0;
				MTL_ENABLE_DEBUG_INFO = INCLUDE_SOURCE;
				MTL_FAST_MATH = YES;
				ONLY_ACTIVE_ARCH = YES;
				SDKROOT = iphoneos;
				SWIFT_ACTIVE_COMPILATION_CONDITIONS = DEBUG;
				SWIFT_OPTIMIZATION_LEVEL = "-Onone";
			};
			name = Debug;
		};
		FB8BF3A726D67CE30091CC58 /* Release */ = {
			isa = XCBuildConfiguration;
			buildSettings = {
				ALWAYS_SEARCH_USER_PATHS = NO;
				CLANG_ANALYZER_NONNULL = YES;
				CLANG_ANALYZER_NUMBER_OBJECT_CONVERSION = YES_AGGRESSIVE;
				CLANG_CXX_LANGUAGE_STANDARD = "gnu++14";
				CLANG_CXX_LIBRARY = "libc++";
				CLANG_ENABLE_MODULES = YES;
				CLANG_ENABLE_OBJC_ARC = YES;
				CLANG_ENABLE_OBJC_WEAK = YES;
				CLANG_WARN_BLOCK_CAPTURE_AUTORELEASING = YES;
				CLANG_WARN_BOOL_CONVERSION = YES;
				CLANG_WARN_COMMA = YES;
				CLANG_WARN_CONSTANT_CONVERSION = YES;
				CLANG_WARN_DEPRECATED_OBJC_IMPLEMENTATIONS = YES;
				CLANG_WARN_DIRECT_OBJC_ISA_USAGE = YES_ERROR;
				CLANG_WARN_DOCUMENTATION_COMMENTS = YES;
				CLANG_WARN_EMPTY_BODY = YES;
				CLANG_WARN_ENUM_CONVERSION = YES;
				CLANG_WARN_INFINITE_RECURSION = YES;
				CLANG_WARN_INT_CONVERSION = YES;
				CLANG_WARN_NON_LITERAL_NULL_CONVERSION = YES;
				CLANG_WARN_OBJC_IMPLICIT_RETAIN_SELF = YES;
				CLANG_WARN_OBJC_LITERAL_CONVERSION = YES;
				CLANG_WARN_OBJC_ROOT_CLASS = YES_ERROR;
				CLANG_WARN_QUOTED_INCLUDE_IN_FRAMEWORK_HEADER = YES;
				CLANG_WARN_RANGE_LOOP_ANALYSIS = YES;
				CLANG_WARN_STRICT_PROTOTYPES = YES;
				CLANG_WARN_SUSPICIOUS_MOVE = YES;
				CLANG_WARN_UNGUARDED_AVAILABILITY = YES_AGGRESSIVE;
				CLANG_WARN_UNREACHABLE_CODE = YES;
				CLANG_WARN__DUPLICATE_METHOD_MATCH = YES;
				COPY_PHASE_STRIP = NO;
				DEBUG_INFORMATION_FORMAT = "dwarf-with-dsym";
				ENABLE_NS_ASSERTIONS = NO;
				ENABLE_STRICT_OBJC_MSGSEND = YES;
				GCC_C_LANGUAGE_STANDARD = gnu11;
				GCC_NO_COMMON_BLOCKS = YES;
				GCC_WARN_64_TO_32_BIT_CONVERSION = YES;
				GCC_WARN_ABOUT_RETURN_TYPE = YES_ERROR;
				GCC_WARN_UNDECLARED_SELECTOR = YES;
				GCC_WARN_UNINITIALIZED_AUTOS = YES_AGGRESSIVE;
				GCC_WARN_UNUSED_FUNCTION = YES;
				GCC_WARN_UNUSED_VARIABLE = YES;
				IPHONEOS_DEPLOYMENT_TARGET = 13.0;
				MTL_ENABLE_DEBUG_INFO = NO;
				MTL_FAST_MATH = YES;
				SDKROOT = iphoneos;
				SWIFT_COMPILATION_MODE = wholemodule;
				SWIFT_OPTIMIZATION_LEVEL = "-O";
				VALIDATE_PRODUCT = YES;
			};
			name = Release;
		};
		FB8BF3A926D67CE30091CC58 /* Debug */ = {
			isa = XCBuildConfiguration;
			buildSettings = {
				ASSETCATALOG_COMPILER_APPICON_NAME = AppIcon;
				ASSETCATALOG_COMPILER_GLOBAL_ACCENT_COLOR_NAME = AccentColor;
				CODE_SIGN_STYLE = Automatic;
				DEBUG_INFORMATION_FORMAT = "dwarf-with-dsym";
				DEVELOPMENT_TEAM = BG5DA8S34C;
				INFOPLIST_FILE = AccountBook/Info.plist;
				LD_RUNPATH_SEARCH_PATHS = (
					"$(inherited)",
					"@executable_path/Frameworks",
				);
				PRODUCT_BUNDLE_IDENTIFIER = hoju.AccountBook;
				PRODUCT_NAME = "$(TARGET_NAME)";
				SWIFT_VERSION = 5.0;
				TARGETED_DEVICE_FAMILY = "1,2";
			};
			name = Debug;
		};
		FB8BF3AA26D67CE30091CC58 /* Release */ = {
			isa = XCBuildConfiguration;
			buildSettings = {
				ASSETCATALOG_COMPILER_APPICON_NAME = AppIcon;
				ASSETCATALOG_COMPILER_GLOBAL_ACCENT_COLOR_NAME = AccentColor;
				CODE_SIGN_STYLE = Automatic;
				DEBUG_INFORMATION_FORMAT = "dwarf-with-dsym";
				DEVELOPMENT_TEAM = BG5DA8S34C;
				INFOPLIST_FILE = AccountBook/Info.plist;
				LD_RUNPATH_SEARCH_PATHS = (
					"$(inherited)",
					"@executable_path/Frameworks",
				);
				PRODUCT_BUNDLE_IDENTIFIER = hoju.AccountBook;
				PRODUCT_NAME = "$(TARGET_NAME)";
				SWIFT_VERSION = 5.0;
				TARGETED_DEVICE_FAMILY = "1,2";
			};
			name = Release;
		};
		FB8BF3AC26D67CE30091CC58 /* Debug */ = {
			isa = XCBuildConfiguration;
			buildSettings = {
				ALWAYS_EMBED_SWIFT_STANDARD_LIBRARIES = YES;
				BUNDLE_LOADER = "$(TEST_HOST)";
				CODE_SIGN_STYLE = Automatic;
				DEVELOPMENT_TEAM = BG5DA8S34C;
				INFOPLIST_FILE = AccountBookTests/Info.plist;
				IPHONEOS_DEPLOYMENT_TARGET = 14.5;
				LD_RUNPATH_SEARCH_PATHS = (
					"$(inherited)",
					"@executable_path/Frameworks",
					"@loader_path/Frameworks",
				);
				PRODUCT_BUNDLE_IDENTIFIER = hoju.AccountBookTests;
				PRODUCT_NAME = "$(TARGET_NAME)";
				SWIFT_VERSION = 5.0;
				TARGETED_DEVICE_FAMILY = "1,2";
				TEST_HOST = "$(BUILT_PRODUCTS_DIR)/AccountBook.app/AccountBook";
			};
			name = Debug;
		};
		FB8BF3AD26D67CE30091CC58 /* Release */ = {
			isa = XCBuildConfiguration;
			buildSettings = {
				ALWAYS_EMBED_SWIFT_STANDARD_LIBRARIES = YES;
				BUNDLE_LOADER = "$(TEST_HOST)";
				CODE_SIGN_STYLE = Automatic;
				DEVELOPMENT_TEAM = BG5DA8S34C;
				INFOPLIST_FILE = AccountBookTests/Info.plist;
				IPHONEOS_DEPLOYMENT_TARGET = 14.5;
				LD_RUNPATH_SEARCH_PATHS = (
					"$(inherited)",
					"@executable_path/Frameworks",
					"@loader_path/Frameworks",
				);
				PRODUCT_BUNDLE_IDENTIFIER = hoju.AccountBookTests;
				PRODUCT_NAME = "$(TARGET_NAME)";
				SWIFT_VERSION = 5.0;
				TARGETED_DEVICE_FAMILY = "1,2";
				TEST_HOST = "$(BUILT_PRODUCTS_DIR)/AccountBook.app/AccountBook";
			};
			name = Release;
		};
		FB8BF3AF26D67CE30091CC58 /* Debug */ = {
			isa = XCBuildConfiguration;
			buildSettings = {
				ALWAYS_EMBED_SWIFT_STANDARD_LIBRARIES = YES;
				CODE_SIGN_STYLE = Automatic;
				DEVELOPMENT_TEAM = BG5DA8S34C;
				INFOPLIST_FILE = AccountBookUITests/Info.plist;
				LD_RUNPATH_SEARCH_PATHS = (
					"$(inherited)",
					"@executable_path/Frameworks",
					"@loader_path/Frameworks",
				);
				PRODUCT_BUNDLE_IDENTIFIER = hoju.AccountBookUITests;
				PRODUCT_NAME = "$(TARGET_NAME)";
				SWIFT_VERSION = 5.0;
				TARGETED_DEVICE_FAMILY = "1,2";
				TEST_TARGET_NAME = AccountBook;
			};
			name = Debug;
		};
		FB8BF3B026D67CE30091CC58 /* Release */ = {
			isa = XCBuildConfiguration;
			buildSettings = {
				ALWAYS_EMBED_SWIFT_STANDARD_LIBRARIES = YES;
				CODE_SIGN_STYLE = Automatic;
				DEVELOPMENT_TEAM = BG5DA8S34C;
				INFOPLIST_FILE = AccountBookUITests/Info.plist;
				LD_RUNPATH_SEARCH_PATHS = (
					"$(inherited)",
					"@executable_path/Frameworks",
					"@loader_path/Frameworks",
				);
				PRODUCT_BUNDLE_IDENTIFIER = hoju.AccountBookUITests;
				PRODUCT_NAME = "$(TARGET_NAME)";
				SWIFT_VERSION = 5.0;
				TARGETED_DEVICE_FAMILY = "1,2";
				TEST_TARGET_NAME = AccountBook;
			};
			name = Release;
		};
/* End XCBuildConfiguration section */

/* Begin XCConfigurationList section */
		FB8BF37626D67CDE0091CC58 /* Build configuration list for PBXProject "AccountBook" */ = {
			isa = XCConfigurationList;
			buildConfigurations = (
				FB8BF3A626D67CE30091CC58 /* Debug */,
				FB8BF3A726D67CE30091CC58 /* Release */,
			);
			defaultConfigurationIsVisible = 0;
			defaultConfigurationName = Release;
		};
		FB8BF3A826D67CE30091CC58 /* Build configuration list for PBXNativeTarget "AccountBook" */ = {
			isa = XCConfigurationList;
			buildConfigurations = (
				FB8BF3A926D67CE30091CC58 /* Debug */,
				FB8BF3AA26D67CE30091CC58 /* Release */,
			);
			defaultConfigurationIsVisible = 0;
			defaultConfigurationName = Release;
		};
		FB8BF3AB26D67CE30091CC58 /* Build configuration list for PBXNativeTarget "AccountBookTests" */ = {
			isa = XCConfigurationList;
			buildConfigurations = (
				FB8BF3AC26D67CE30091CC58 /* Debug */,
				FB8BF3AD26D67CE30091CC58 /* Release */,
			);
			defaultConfigurationIsVisible = 0;
			defaultConfigurationName = Release;
		};
		FB8BF3AE26D67CE30091CC58 /* Build configuration list for PBXNativeTarget "AccountBookUITests" */ = {
			isa = XCConfigurationList;
			buildConfigurations = (
				FB8BF3AF26D67CE30091CC58 /* Debug */,
				FB8BF3B026D67CE30091CC58 /* Release */,
			);
			defaultConfigurationIsVisible = 0;
			defaultConfigurationName = Release;
		};
/* End XCConfigurationList section */

/* Begin XCRemoteSwiftPackageReference section */
		FB41430626DAA27E003C6468 /* XCRemoteSwiftPackageReference "firebase-ios-sdk" */ = {
			isa = XCRemoteSwiftPackageReference;
			repositoryURL = "https://github.com/firebase/firebase-ios-sdk.git";
			requirement = {
				kind = exactVersion;
				version = 8.6.1;
			};
		};
		FB6DD83026DBF7F700CAE900 /* XCRemoteSwiftPackageReference "facebook-ios-sdk" */ = {
			isa = XCRemoteSwiftPackageReference;
			repositoryURL = "https://github.com/facebook/facebook-ios-sdk";
			requirement = {
				kind = exactVersion;
				version = 11.1.0;
			};
		};
		FB8BF3BB26D92B9E0091CC58 /* XCRemoteSwiftPackageReference "Charts" */ = {
			isa = XCRemoteSwiftPackageReference;
			repositoryURL = "https://github.com/danielgindi/Charts.git";
			requirement = {
				kind = exactVersion;
				version = 4.0.1;
			};
		};
		FBD38C0726DAB1EE00E9365F /* XCRemoteSwiftPackageReference "GoogleSignIn-iOS" */ = {
			isa = XCRemoteSwiftPackageReference;
			repositoryURL = "https://github.com/google/GoogleSignIn-iOS.git";
			requirement = {
				kind = exactVersion;
				version = 6.0.2;
			};
		};
		FBD38C3C26DBBD2900E9365F /* XCRemoteSwiftPackageReference "RxSwift" */ = {
			isa = XCRemoteSwiftPackageReference;
			repositoryURL = "https://github.com/ReactiveX/RxSwift.git";
			requirement = {
				kind = exactVersion;
				version = 6.2.0;
			};
		};
		FBD38C4726DBC4DD00E9365F /* XCRemoteSwiftPackageReference "RxDataSources" */ = {
			isa = XCRemoteSwiftPackageReference;
			repositoryURL = "https://github.com/RxSwiftCommunity/RxDataSources.git";
			requirement = {
				kind = exactVersion;
				version = 5.0.2;
			};
		};
/* End XCRemoteSwiftPackageReference section */

/* Begin XCSwiftPackageProductDependency section */
		FB41430726DAA27E003C6468 /* FirebaseAnalytics */ = {
			isa = XCSwiftPackageProductDependency;
			package = FB41430626DAA27E003C6468 /* XCRemoteSwiftPackageReference "firebase-ios-sdk" */;
			productName = FirebaseAnalytics;
		};
		FB41430926DAA27E003C6468 /* FirebaseCrashlytics */ = {
			isa = XCSwiftPackageProductDependency;
			package = FB41430626DAA27E003C6468 /* XCRemoteSwiftPackageReference "firebase-ios-sdk" */;
			productName = FirebaseCrashlytics;
		};
		FB41430B26DAA27E003C6468 /* FirebaseAuth */ = {
			isa = XCSwiftPackageProductDependency;
			package = FB41430626DAA27E003C6468 /* XCRemoteSwiftPackageReference "firebase-ios-sdk" */;
			productName = FirebaseAuth;
		};
		FB41430D26DAA27E003C6468 /* FirebaseFirestore */ = {
			isa = XCSwiftPackageProductDependency;
			package = FB41430626DAA27E003C6468 /* XCRemoteSwiftPackageReference "firebase-ios-sdk" */;
			productName = FirebaseFirestore;
		};
		FB6DD83126DBF7F700CAE900 /* FacebookLogin */ = {
			isa = XCSwiftPackageProductDependency;
			package = FB6DD83026DBF7F700CAE900 /* XCRemoteSwiftPackageReference "facebook-ios-sdk" */;
			productName = FacebookLogin;
		};
		FB8BF3BC26D92B9E0091CC58 /* Charts */ = {
			isa = XCSwiftPackageProductDependency;
			package = FB8BF3BB26D92B9E0091CC58 /* XCRemoteSwiftPackageReference "Charts" */;
			productName = Charts;
		};
		FBD38C0826DAB1EF00E9365F /* GoogleSignIn */ = {
			isa = XCSwiftPackageProductDependency;
			package = FBD38C0726DAB1EE00E9365F /* XCRemoteSwiftPackageReference "GoogleSignIn-iOS" */;
			productName = GoogleSignIn;
		};
		FBD38C2B26DB832900E9365F /* FirebaseFirestoreSwift-Beta */ = {
			isa = XCSwiftPackageProductDependency;
			package = FB41430626DAA27E003C6468 /* XCRemoteSwiftPackageReference "firebase-ios-sdk" */;
			productName = "FirebaseFirestoreSwift-Beta";
		};
		FBD38C3D26DBBD2900E9365F /* RxSwift */ = {
			isa = XCSwiftPackageProductDependency;
			package = FBD38C3C26DBBD2900E9365F /* XCRemoteSwiftPackageReference "RxSwift" */;
			productName = RxSwift;
		};
		FBD38C3F26DBBD2900E9365F /* RxRelay */ = {
			isa = XCSwiftPackageProductDependency;
			package = FBD38C3C26DBBD2900E9365F /* XCRemoteSwiftPackageReference "RxSwift" */;
			productName = RxRelay;
		};
		FBD38C4126DBBD2900E9365F /* RxCocoa */ = {
			isa = XCSwiftPackageProductDependency;
			package = FBD38C3C26DBBD2900E9365F /* XCRemoteSwiftPackageReference "RxSwift" */;
			productName = RxCocoa;
		};
		FBD38C4826DBC4DD00E9365F /* RxDataSources */ = {
			isa = XCSwiftPackageProductDependency;
			package = FBD38C4726DBC4DD00E9365F /* XCRemoteSwiftPackageReference "RxDataSources" */;
			productName = RxDataSources;
		};
		FBD38C4A26DBC4DD00E9365F /* Differentiator */ = {
			isa = XCSwiftPackageProductDependency;
			package = FBD38C4726DBC4DD00E9365F /* XCRemoteSwiftPackageReference "RxDataSources" */;
			productName = Differentiator;
		};
/* End XCSwiftPackageProductDependency section */
	};
	rootObject = FB8BF37326D67CDE0091CC58 /* Project object */;
}
